// !$*UTF8*$!
{
	archiveVersion = 1;
	classes = {
	};
	objectVersion = 46;
	objects = {

/* Begin PBXBuildFile section */
		4242C72945224168897AB2EE /* libPods.a in Frameworks */ = {isa = PBXBuildFile; fileRef = 412D1E9302BD278A2BDD8943 /* libPods.a */; };
		CB8090A81CA9723500B2460B /* categories.plist in Resources */ = {isa = PBXBuildFile; fileRef = CB8090A41CA9723500B2460B /* categories.plist */; };
		CB8090A91CA9723500B2460B /* cities.plist in Resources */ = {isa = PBXBuildFile; fileRef = CB8090A51CA9723500B2460B /* cities.plist */; };
		CB8090AA1CA9723500B2460B /* cityGroups.plist in Resources */ = {isa = PBXBuildFile; fileRef = CB8090A61CA9723500B2460B /* cityGroups.plist */; };
		CB8090AB1CA9723500B2460B /* sorts.plist in Resources */ = {isa = PBXBuildFile; fileRef = CB8090A71CA9723500B2460B /* sorts.plist */; };
		CB8091531CA974B300B2460B /* MTHomeController.m in Sources */ = {isa = PBXBuildFile; fileRef = CB8091461CA974B300B2460B /* MTHomeController.m */; };
		CB8091541CA974B300B2460B /* MTNavigationController.m in Sources */ = {isa = PBXBuildFile; fileRef = CB80914C1CA974B300B2460B /* MTNavigationController.m */; };
		CB8091551CA974B300B2460B /* AppDelegate.m in Sources */ = {isa = PBXBuildFile; fileRef = CB8091501CA974B300B2460B /* AppDelegate.m */; };
		CB8091561CA974B300B2460B /* main.m in Sources */ = {isa = PBXBuildFile; fileRef = CB8091511CA974B300B2460B /* main.m */; };
		CB80915C1CA9801100B2460B /* UIBarButtonItem+Extension.m in Sources */ = {isa = PBXBuildFile; fileRef = CB8091591CA9801100B2460B /* UIBarButtonItem+Extension.m */; };
		CB80915D1CA9801100B2460B /* UIView+Extension.m in Sources */ = {isa = PBXBuildFile; fileRef = CB80915B1CA9801100B2460B /* UIView+Extension.m */; };
		CB8091601CA9830B00B2460B /* const.m in Sources */ = {isa = PBXBuildFile; fileRef = CB80915F1CA9830B00B2460B /* const.m */; };
		CB8091631CA98A1600B2460B /* MTHomeTopItem.xib in Resources */ = {isa = PBXBuildFile; fileRef = CB8091621CA98A1600B2460B /* MTHomeTopItem.xib */; };
		CB8091661CA98EF500B2460B /* MTHomeTopItem.m in Sources */ = {isa = PBXBuildFile; fileRef = CB8091651CA98EF500B2460B /* MTHomeTopItem.m */; };
		CB8091691CA9B25200B2460B /* MTDropDownView.m in Sources */ = {isa = PBXBuildFile; fileRef = CB8091681CA9B25200B2460B /* MTDropDownView.m */; };
		CB80916B1CA9B26600B2460B /* MTDropDownView.xib in Resources */ = {isa = PBXBuildFile; fileRef = CB80916A1CA9B26600B2460B /* MTDropDownView.xib */; };
		CB80916E1CA9B4FD00B2460B /* MTSetCatogeryViewController.m in Sources */ = {isa = PBXBuildFile; fileRef = CB80916D1CA9B4FD00B2460B /* MTSetCatogeryViewController.m */; };
		CB91FD121CABA40700B9E74C /* MTCategory.m in Sources */ = {isa = PBXBuildFile; fileRef = CB91FD111CABA40700B9E74C /* MTCategory.m */; };
		CBCFD6E71CA9662D009990C6 /* Assets.xcassets in Resources */ = {isa = PBXBuildFile; fileRef = CBCFD6E61CA9662D009990C6 /* Assets.xcassets */; };
		CBCFD6F51CA9662D009990C6 /* MeiTuanHDTests.m in Sources */ = {isa = PBXBuildFile; fileRef = CBCFD6F41CA9662D009990C6 /* MeiTuanHDTests.m */; };
		CBCFD7001CA9662D009990C6 /* MeiTuanHDUITests.m in Sources */ = {isa = PBXBuildFile; fileRef = CBCFD6FF1CA9662D009990C6 /* MeiTuanHDUITests.m */; };
/* End PBXBuildFile section */

/* Begin PBXContainerItemProxy section */
		CBCFD6F11CA9662D009990C6 /* PBXContainerItemProxy */ = {
			isa = PBXContainerItemProxy;
			containerPortal = CBCFD6CF1CA9662D009990C6 /* Project object */;
			proxyType = 1;
			remoteGlobalIDString = CBCFD6D61CA9662D009990C6;
			remoteInfo = MeiTuanHD;
		};
		CBCFD6FC1CA9662D009990C6 /* PBXContainerItemProxy */ = {
			isa = PBXContainerItemProxy;
			containerPortal = CBCFD6CF1CA9662D009990C6 /* Project object */;
			proxyType = 1;
			remoteGlobalIDString = CBCFD6D61CA9662D009990C6;
			remoteInfo = MeiTuanHD;
		};
/* End PBXContainerItemProxy section */

/* Begin PBXFileReference section */
		2D134C37F6911C1D8BE6727B /* Pods.debug.xcconfig */ = {isa = PBXFileReference; includeInIndex = 1; lastKnownFileType = text.xcconfig; name = Pods.debug.xcconfig; path = "Pods/Target Support Files/Pods/Pods.debug.xcconfig"; sourceTree = "<group>"; };
		412D1E9302BD278A2BDD8943 /* libPods.a */ = {isa = PBXFileReference; explicitFileType = archive.ar; includeInIndex = 0; path = libPods.a; sourceTree = BUILT_PRODUCTS_DIR; };
		CB8090A41CA9723500B2460B /* categories.plist */ = {isa = PBXFileReference; fileEncoding = 4; lastKnownFileType = text.plist.xml; path = categories.plist; sourceTree = "<group>"; };
		CB8090A51CA9723500B2460B /* cities.plist */ = {isa = PBXFileReference; fileEncoding = 4; lastKnownFileType = text.plist.xml; path = cities.plist; sourceTree = "<group>"; };
		CB8090A61CA9723500B2460B /* cityGroups.plist */ = {isa = PBXFileReference; fileEncoding = 4; lastKnownFileType = text.plist.xml; path = cityGroups.plist; sourceTree = "<group>"; };
		CB8090A71CA9723500B2460B /* sorts.plist */ = {isa = PBXFileReference; fileEncoding = 4; lastKnownFileType = text.plist.xml; path = sorts.plist; sourceTree = "<group>"; };
		CB8091451CA974B300B2460B /* MTHomeController.h */ = {isa = PBXFileReference; fileEncoding = 4; lastKnownFileType = sourcecode.c.h; path = MTHomeController.h; sourceTree = "<group>"; };
		CB8091461CA974B300B2460B /* MTHomeController.m */ = {isa = PBXFileReference; fileEncoding = 4; lastKnownFileType = sourcecode.c.objc; path = MTHomeController.m; sourceTree = "<group>"; };
		CB80914B1CA974B300B2460B /* MTNavigationController.h */ = {isa = PBXFileReference; fileEncoding = 4; lastKnownFileType = sourcecode.c.h; path = MTNavigationController.h; sourceTree = "<group>"; };
		CB80914C1CA974B300B2460B /* MTNavigationController.m */ = {isa = PBXFileReference; fileEncoding = 4; lastKnownFileType = sourcecode.c.objc; path = MTNavigationController.m; sourceTree = "<group>"; };
		CB80914F1CA974B300B2460B /* AppDelegate.h */ = {isa = PBXFileReference; fileEncoding = 4; lastKnownFileType = sourcecode.c.h; path = AppDelegate.h; sourceTree = "<group>"; };
		CB8091501CA974B300B2460B /* AppDelegate.m */ = {isa = PBXFileReference; fileEncoding = 4; lastKnownFileType = sourcecode.c.objc; path = AppDelegate.m; sourceTree = "<group>"; };
		CB8091511CA974B300B2460B /* main.m */ = {isa = PBXFileReference; fileEncoding = 4; lastKnownFileType = sourcecode.c.objc; path = main.m; sourceTree = "<group>"; };
		CB8091581CA9801100B2460B /* UIBarButtonItem+Extension.h */ = {isa = PBXFileReference; fileEncoding = 4; lastKnownFileType = sourcecode.c.h; path = "UIBarButtonItem+Extension.h"; sourceTree = "<group>"; };
		CB8091591CA9801100B2460B /* UIBarButtonItem+Extension.m */ = {isa = PBXFileReference; fileEncoding = 4; lastKnownFileType = sourcecode.c.objc; path = "UIBarButtonItem+Extension.m"; sourceTree = "<group>"; };
		CB80915A1CA9801100B2460B /* UIView+Extension.h */ = {isa = PBXFileReference; fileEncoding = 4; lastKnownFileType = sourcecode.c.h; path = "UIView+Extension.h"; sourceTree = "<group>"; };
		CB80915B1CA9801100B2460B /* UIView+Extension.m */ = {isa = PBXFileReference; fileEncoding = 4; lastKnownFileType = sourcecode.c.objc; path = "UIView+Extension.m"; sourceTree = "<group>"; };
		CB80915E1CA9830B00B2460B /* const.h */ = {isa = PBXFileReference; fileEncoding = 4; lastKnownFileType = sourcecode.c.h; path = const.h; sourceTree = "<group>"; };
		CB80915F1CA9830B00B2460B /* const.m */ = {isa = PBXFileReference; fileEncoding = 4; lastKnownFileType = sourcecode.c.objc; path = const.m; sourceTree = "<group>"; };
		CB8091611CA9835600B2460B /* const.pch */ = {isa = PBXFileReference; lastKnownFileType = sourcecode.c.h; path = const.pch; sourceTree = "<group>"; };
		CB8091621CA98A1600B2460B /* MTHomeTopItem.xib */ = {isa = PBXFileReference; fileEncoding = 4; lastKnownFileType = file.xib; path = MTHomeTopItem.xib; sourceTree = "<group>"; };
		CB8091641CA98EF500B2460B /* MTHomeTopItem.h */ = {isa = PBXFileReference; fileEncoding = 4; lastKnownFileType = sourcecode.c.h; path = MTHomeTopItem.h; sourceTree = "<group>"; };
		CB8091651CA98EF500B2460B /* MTHomeTopItem.m */ = {isa = PBXFileReference; fileEncoding = 4; lastKnownFileType = sourcecode.c.objc; path = MTHomeTopItem.m; sourceTree = "<group>"; };
		CB8091671CA9B25200B2460B /* MTDropDownView.h */ = {isa = PBXFileReference; fileEncoding = 4; lastKnownFileType = sourcecode.c.h; path = MTDropDownView.h; sourceTree = "<group>"; };
		CB8091681CA9B25200B2460B /* MTDropDownView.m */ = {isa = PBXFileReference; fileEncoding = 4; lastKnownFileType = sourcecode.c.objc; path = MTDropDownView.m; sourceTree = "<group>"; };
		CB80916A1CA9B26600B2460B /* MTDropDownView.xib */ = {isa = PBXFileReference; fileEncoding = 4; lastKnownFileType = file.xib; path = MTDropDownView.xib; sourceTree = "<group>"; };
		CB80916C1CA9B4FD00B2460B /* MTSetCatogeryViewController.h */ = {isa = PBXFileReference; fileEncoding = 4; lastKnownFileType = sourcecode.c.h; path = MTSetCatogeryViewController.h; sourceTree = "<group>"; };
		CB80916D1CA9B4FD00B2460B /* MTSetCatogeryViewController.m */ = {isa = PBXFileReference; fileEncoding = 4; lastKnownFileType = sourcecode.c.objc; path = MTSetCatogeryViewController.m; sourceTree = "<group>"; };
		CB91FD101CABA40700B9E74C /* MTCategory.h */ = {isa = PBXFileReference; fileEncoding = 4; lastKnownFileType = sourcecode.c.h; path = MTCategory.h; sourceTree = "<group>"; };
		CB91FD111CABA40700B9E74C /* MTCategory.m */ = {isa = PBXFileReference; fileEncoding = 4; lastKnownFileType = sourcecode.c.objc; path = MTCategory.m; sourceTree = "<group>"; };
		CBCFD6D71CA9662D009990C6 /* MeiTuanHD.app */ = {isa = PBXFileReference; explicitFileType = wrapper.application; includeInIndex = 0; path = MeiTuanHD.app; sourceTree = BUILT_PRODUCTS_DIR; };
		CBCFD6E61CA9662D009990C6 /* Assets.xcassets */ = {isa = PBXFileReference; lastKnownFileType = folder.assetcatalog; path = Assets.xcassets; sourceTree = "<group>"; };
		CBCFD6EB1CA9662D009990C6 /* Info.plist */ = {isa = PBXFileReference; lastKnownFileType = text.plist.xml; path = Info.plist; sourceTree = "<group>"; };
		CBCFD6F01CA9662D009990C6 /* MeiTuanHDTests.xctest */ = {isa = PBXFileReference; explicitFileType = wrapper.cfbundle; includeInIndex = 0; path = MeiTuanHDTests.xctest; sourceTree = BUILT_PRODUCTS_DIR; };
		CBCFD6F41CA9662D009990C6 /* MeiTuanHDTests.m */ = {isa = PBXFileReference; lastKnownFileType = sourcecode.c.objc; path = MeiTuanHDTests.m; sourceTree = "<group>"; };
		CBCFD6F61CA9662D009990C6 /* Info.plist */ = {isa = PBXFileReference; lastKnownFileType = text.plist.xml; path = Info.plist; sourceTree = "<group>"; };
		CBCFD6FB1CA9662D009990C6 /* MeiTuanHDUITests.xctest */ = {isa = PBXFileReference; explicitFileType = wrapper.cfbundle; includeInIndex = 0; path = MeiTuanHDUITests.xctest; sourceTree = BUILT_PRODUCTS_DIR; };
		CBCFD6FF1CA9662D009990C6 /* MeiTuanHDUITests.m */ = {isa = PBXFileReference; lastKnownFileType = sourcecode.c.objc; path = MeiTuanHDUITests.m; sourceTree = "<group>"; };
		CBCFD7011CA9662D009990C6 /* Info.plist */ = {isa = PBXFileReference; lastKnownFileType = text.plist.xml; path = Info.plist; sourceTree = "<group>"; };
		F0A03CCE52D427BF89F2EFE4 /* Pods.release.xcconfig */ = {isa = PBXFileReference; includeInIndex = 1; lastKnownFileType = text.xcconfig; name = Pods.release.xcconfig; path = "Pods/Target Support Files/Pods/Pods.release.xcconfig"; sourceTree = "<group>"; };
/* End PBXFileReference section */

/* Begin PBXFrameworksBuildPhase section */
		CBCFD6D41CA9662D009990C6 /* Frameworks */ = {
			isa = PBXFrameworksBuildPhase;
			buildActionMask = 2147483647;
			files = (
				4242C72945224168897AB2EE /* libPods.a in Frameworks */,
			);
			runOnlyForDeploymentPostprocessing = 0;
		};
		CBCFD6ED1CA9662D009990C6 /* Frameworks */ = {
			isa = PBXFrameworksBuildPhase;
			buildActionMask = 2147483647;
			files = (
			);
			runOnlyForDeploymentPostprocessing = 0;
		};
		CBCFD6F81CA9662D009990C6 /* Frameworks */ = {
			isa = PBXFrameworksBuildPhase;
			buildActionMask = 2147483647;
			files = (
			);
			runOnlyForDeploymentPostprocessing = 0;
		};
/* End PBXFrameworksBuildPhase section */

/* Begin PBXGroup section */
		512DAE178777E9E3612B7A18 /* Pods */ = {
			isa = PBXGroup;
			children = (
				2D134C37F6911C1D8BE6727B /* Pods.debug.xcconfig */,
				F0A03CCE52D427BF89F2EFE4 /* Pods.release.xcconfig */,
			);
			name = Pods;
			sourceTree = "<group>";
		};
		B4315B545E4E4B68E240730C /* Frameworks */ = {
			isa = PBXGroup;
			children = (
				412D1E9302BD278A2BDD8943 /* libPods.a */,
			);
			name = Frameworks;
			sourceTree = "<group>";
		};
		CB8090A31CA9723500B2460B /* Plist */ = {
			isa = PBXGroup;
			children = (
				CB8090A41CA9723500B2460B /* categories.plist */,
				CB8090A51CA9723500B2460B /* cities.plist */,
				CB8090A61CA9723500B2460B /* cityGroups.plist */,
				CB8090A71CA9723500B2460B /* sorts.plist */,
			);
			path = Plist;
			sourceTree = "<group>";
		};
		CB8091421CA974B300B2460B /* Classes */ = {
			isa = PBXGroup;
			children = (
				CB8091431CA974B300B2460B /* Home(首页) */,
				CB8091491CA974B300B2460B /* Main(主要) */,
			);
			path = Classes;
			sourceTree = "<group>";
		};
		CB8091431CA974B300B2460B /* Home(首页) */ = {
			isa = PBXGroup;
			children = (
				CB8091441CA974B300B2460B /* Controller */,
				CB8091471CA974B300B2460B /* Model */,
				CB8091481CA974B300B2460B /* View */,
			);
			path = "Home(首页)";
			sourceTree = "<group>";
		};
		CB8091441CA974B300B2460B /* Controller */ = {
			isa = PBXGroup;
			children = (
				CB8091451CA974B300B2460B /* MTHomeController.h */,
				CB8091461CA974B300B2460B /* MTHomeController.m */,
				CB80916C1CA9B4FD00B2460B /* MTSetCatogeryViewController.h */,
				CB80916D1CA9B4FD00B2460B /* MTSetCatogeryViewController.m */,
			);
			path = Controller;
			sourceTree = "<group>";
		};
		CB8091471CA974B300B2460B /* Model */ = {
			isa = PBXGroup;
			children = (
				CB91FD101CABA40700B9E74C /* MTCategory.h */,
				CB91FD111CABA40700B9E74C /* MTCategory.m */,
			);
			path = Model;
			sourceTree = "<group>";
		};
		CB8091481CA974B300B2460B /* View */ = {
			isa = PBXGroup;
			children = (
				CB8091621CA98A1600B2460B /* MTHomeTopItem.xib */,
				CB8091641CA98EF500B2460B /* MTHomeTopItem.h */,
				CB8091651CA98EF500B2460B /* MTHomeTopItem.m */,
				CB8091671CA9B25200B2460B /* MTDropDownView.h */,
				CB8091681CA9B25200B2460B /* MTDropDownView.m */,
				CB80916A1CA9B26600B2460B /* MTDropDownView.xib */,
			);
			path = View;
			sourceTree = "<group>";
		};
		CB8091491CA974B300B2460B /* Main(主要) */ = {
			isa = PBXGroup;
			children = (
				CB8091571CA9801100B2460B /* Category */,
				CB80914A1CA974B300B2460B /* Controller */,
				CB80914D1CA974B300B2460B /* Model */,
				CB80914E1CA974B300B2460B /* Other */,
				CB8091521CA974B300B2460B /* View */,
			);
			path = "Main(主要)";
			sourceTree = "<group>";
		};
		CB80914A1CA974B300B2460B /* Controller */ = {
			isa = PBXGroup;
			children = (
				CB80914B1CA974B300B2460B /* MTNavigationController.h */,
				CB80914C1CA974B300B2460B /* MTNavigationController.m */,
			);
			path = Controller;
			sourceTree = "<group>";
		};
		CB80914D1CA974B300B2460B /* Model */ = {
			isa = PBXGroup;
			children = (
			);
			path = Model;
			sourceTree = "<group>";
		};
		CB80914E1CA974B300B2460B /* Other */ = {
			isa = PBXGroup;
			children = (
				CB80914F1CA974B300B2460B /* AppDelegate.h */,
				CB8091501CA974B300B2460B /* AppDelegate.m */,
				CB8091511CA974B300B2460B /* main.m */,
				CB80915E1CA9830B00B2460B /* const.h */,
				CB80915F1CA9830B00B2460B /* const.m */,
				CB8091611CA9835600B2460B /* const.pch */,
			);
			path = Other;
			sourceTree = "<group>";
		};
		CB8091521CA974B300B2460B /* View */ = {
			isa = PBXGroup;
			children = (
			);
			path = View;
			sourceTree = "<group>";
		};
		CB8091571CA9801100B2460B /* Category */ = {
			isa = PBXGroup;
			children = (
				CB8091581CA9801100B2460B /* UIBarButtonItem+Extension.h */,
				CB8091591CA9801100B2460B /* UIBarButtonItem+Extension.m */,
				CB80915A1CA9801100B2460B /* UIView+Extension.h */,
				CB80915B1CA9801100B2460B /* UIView+Extension.m */,
			);
			path = Category;
			sourceTree = "<group>";
		};
		CBCFD6CE1CA9662D009990C6 = {
			isa = PBXGroup;
			children = (
				CBCFD6D91CA9662D009990C6 /* MeiTuanHD */,
				CBCFD6F31CA9662D009990C6 /* MeiTuanHDTests */,
				CBCFD6FE1CA9662D009990C6 /* MeiTuanHDUITests */,
				CBCFD6D81CA9662D009990C6 /* Products */,
				512DAE178777E9E3612B7A18 /* Pods */,
				B4315B545E4E4B68E240730C /* Frameworks */,
			);
			sourceTree = "<group>";
		};
		CBCFD6D81CA9662D009990C6 /* Products */ = {
			isa = PBXGroup;
			children = (
				CBCFD6D71CA9662D009990C6 /* MeiTuanHD.app */,
				CBCFD6F01CA9662D009990C6 /* MeiTuanHDTests.xctest */,
				CBCFD6FB1CA9662D009990C6 /* MeiTuanHDUITests.xctest */,
			);
			name = Products;
			sourceTree = "<group>";
		};
		CBCFD6D91CA9662D009990C6 /* MeiTuanHD */ = {
			isa = PBXGroup;
			children = (
				CB8091421CA974B300B2460B /* Classes */,
				CBCFD6E61CA9662D009990C6 /* Assets.xcassets */,
				CBCFD6DA1CA9662D009990C6 /* Supporting Files */,
			);
			path = MeiTuanHD;
			sourceTree = "<group>";
		};
		CBCFD6DA1CA9662D009990C6 /* Supporting Files */ = {
			isa = PBXGroup;
			children = (
				CB8090A31CA9723500B2460B /* Plist */,
				CBCFD6EB1CA9662D009990C6 /* Info.plist */,
			);
			name = "Supporting Files";
			sourceTree = "<group>";
		};
		CBCFD6F31CA9662D009990C6 /* MeiTuanHDTests */ = {
			isa = PBXGroup;
			children = (
				CBCFD6F41CA9662D009990C6 /* MeiTuanHDTests.m */,
				CBCFD6F61CA9662D009990C6 /* Info.plist */,
			);
			path = MeiTuanHDTests;
			sourceTree = "<group>";
		};
		CBCFD6FE1CA9662D009990C6 /* MeiTuanHDUITests */ = {
			isa = PBXGroup;
			children = (
				CBCFD6FF1CA9662D009990C6 /* MeiTuanHDUITests.m */,
				CBCFD7011CA9662D009990C6 /* Info.plist */,
			);
			path = MeiTuanHDUITests;
			sourceTree = "<group>";
		};
/* End PBXGroup section */

/* Begin PBXNativeTarget section */
		CBCFD6D61CA9662D009990C6 /* MeiTuanHD */ = {
			isa = PBXNativeTarget;
			buildConfigurationList = CBCFD7041CA9662D009990C6 /* Build configuration list for PBXNativeTarget "MeiTuanHD" */;
			buildPhases = (
				C3F22A3B78CA37389F641DBC /* Check Pods Manifest.lock */,
				CBCFD6D31CA9662D009990C6 /* Sources */,
				CBCFD6D41CA9662D009990C6 /* Frameworks */,
				CBCFD6D51CA9662D009990C6 /* Resources */,
				E660BD96D9CF44BFCA24FA07 /* Embed Pods Frameworks */,
				7E0C98C6EED2057F2E2A3B9B /* Copy Pods Resources */,
			);
			buildRules = (
			);
			dependencies = (
			);
			name = MeiTuanHD;
			productName = MeiTuanHD;
			productReference = CBCFD6D71CA9662D009990C6 /* MeiTuanHD.app */;
			productType = "com.apple.product-type.application";
		};
		CBCFD6EF1CA9662D009990C6 /* MeiTuanHDTests */ = {
			isa = PBXNativeTarget;
			buildConfigurationList = CBCFD7071CA9662D009990C6 /* Build configuration list for PBXNativeTarget "MeiTuanHDTests" */;
			buildPhases = (
				CBCFD6EC1CA9662D009990C6 /* Sources */,
				CBCFD6ED1CA9662D009990C6 /* Frameworks */,
				CBCFD6EE1CA9662D009990C6 /* Resources */,
			);
			buildRules = (
			);
			dependencies = (
				CBCFD6F21CA9662D009990C6 /* PBXTargetDependency */,
			);
			name = MeiTuanHDTests;
			productName = MeiTuanHDTests;
			productReference = CBCFD6F01CA9662D009990C6 /* MeiTuanHDTests.xctest */;
			productType = "com.apple.product-type.bundle.unit-test";
		};
		CBCFD6FA1CA9662D009990C6 /* MeiTuanHDUITests */ = {
			isa = PBXNativeTarget;
			buildConfigurationList = CBCFD70A1CA9662D009990C6 /* Build configuration list for PBXNativeTarget "MeiTuanHDUITests" */;
			buildPhases = (
				CBCFD6F71CA9662D009990C6 /* Sources */,
				CBCFD6F81CA9662D009990C6 /* Frameworks */,
				CBCFD6F91CA9662D009990C6 /* Resources */,
			);
			buildRules = (
			);
			dependencies = (
				CBCFD6FD1CA9662D009990C6 /* PBXTargetDependency */,
			);
			name = MeiTuanHDUITests;
			productName = MeiTuanHDUITests;
			productReference = CBCFD6FB1CA9662D009990C6 /* MeiTuanHDUITests.xctest */;
			productType = "com.apple.product-type.bundle.ui-testing";
		};
/* End PBXNativeTarget section */

/* Begin PBXProject section */
		CBCFD6CF1CA9662D009990C6 /* Project object */ = {
			isa = PBXProject;
			attributes = {
				CLASSPREFIX = MT;
				LastUpgradeCheck = 0720;
				ORGANIZATIONNAME = JW;
				TargetAttributes = {
					CBCFD6D61CA9662D009990C6 = {
						CreatedOnToolsVersion = 7.2;
					};
					CBCFD6EF1CA9662D009990C6 = {
						CreatedOnToolsVersion = 7.2;
						TestTargetID = CBCFD6D61CA9662D009990C6;
					};
					CBCFD6FA1CA9662D009990C6 = {
						CreatedOnToolsVersion = 7.2;
						TestTargetID = CBCFD6D61CA9662D009990C6;
					};
				};
			};
			buildConfigurationList = CBCFD6D21CA9662D009990C6 /* Build configuration list for PBXProject "MeiTuanHD" */;
			compatibilityVersion = "Xcode 3.2";
			developmentRegion = English;
			hasScannedForEncodings = 0;
			knownRegions = (
				en,
				Base,
			);
			mainGroup = CBCFD6CE1CA9662D009990C6;
			productRefGroup = CBCFD6D81CA9662D009990C6 /* Products */;
			projectDirPath = "";
			projectRoot = "";
			targets = (
				CBCFD6D61CA9662D009990C6 /* MeiTuanHD */,
				CBCFD6EF1CA9662D009990C6 /* MeiTuanHDTests */,
				CBCFD6FA1CA9662D009990C6 /* MeiTuanHDUITests */,
			);
		};
/* End PBXProject section */

/* Begin PBXResourcesBuildPhase section */
		CBCFD6D51CA9662D009990C6 /* Resources */ = {
			isa = PBXResourcesBuildPhase;
			buildActionMask = 2147483647;
			files = (
				CB8090A91CA9723500B2460B /* cities.plist in Resources */,
				CB8090A81CA9723500B2460B /* categories.plist in Resources */,
				CB8091631CA98A1600B2460B /* MTHomeTopItem.xib in Resources */,
				CB8090AB1CA9723500B2460B /* sorts.plist in Resources */,
				CB80916B1CA9B26600B2460B /* MTDropDownView.xib in Resources */,
				CBCFD6E71CA9662D009990C6 /* Assets.xcassets in Resources */,
				CB8090AA1CA9723500B2460B /* cityGroups.plist in Resources */,
			);
			runOnlyForDeploymentPostprocessing = 0;
		};
		CBCFD6EE1CA9662D009990C6 /* Resources */ = {
			isa = PBXResourcesBuildPhase;
			buildActionMask = 2147483647;
			files = (
			);
			runOnlyForDeploymentPostprocessing = 0;
		};
		CBCFD6F91CA9662D009990C6 /* Resources */ = {
			isa = PBXResourcesBuildPhase;
			buildActionMask = 2147483647;
			files = (
			);
			runOnlyForDeploymentPostprocessing = 0;
		};
/* End PBXResourcesBuildPhase section */

/* Begin PBXShellScriptBuildPhase section */
		7E0C98C6EED2057F2E2A3B9B /* Copy Pods Resources */ = {
			isa = PBXShellScriptBuildPhase;
			buildActionMask = 2147483647;
			files = (
			);
			inputPaths = (
			);
			name = "Copy Pods Resources";
			outputPaths = (
			);
			runOnlyForDeploymentPostprocessing = 0;
			shellPath = /bin/sh;
			shellScript = "\"${SRCROOT}/Pods/Target Support Files/Pods/Pods-resources.sh\"\n";
			showEnvVarsInLog = 0;
		};
		C3F22A3B78CA37389F641DBC /* Check Pods Manifest.lock */ = {
			isa = PBXShellScriptBuildPhase;
			buildActionMask = 2147483647;
			files = (
			);
			inputPaths = (
			);
			name = "Check Pods Manifest.lock";
			outputPaths = (
			);
			runOnlyForDeploymentPostprocessing = 0;
			shellPath = /bin/sh;
			shellScript = "diff \"${PODS_ROOT}/../Podfile.lock\" \"${PODS_ROOT}/Manifest.lock\" > /dev/null\nif [[ $? != 0 ]] ; then\n    cat << EOM\nerror: The sandbox is not in sync with the Podfile.lock. Run 'pod install' or update your CocoaPods installation.\nEOM\n    exit 1\nfi\n";
			showEnvVarsInLog = 0;
		};
		E660BD96D9CF44BFCA24FA07 /* Embed Pods Frameworks */ = {
			isa = PBXShellScriptBuildPhase;
			buildActionMask = 2147483647;
			files = (
			);
			inputPaths = (
			);
			name = "Embed Pods Frameworks";
			outputPaths = (
			);
			runOnlyForDeploymentPostprocessing = 0;
			shellPath = /bin/sh;
			shellScript = "\"${SRCROOT}/Pods/Target Support Files/Pods/Pods-frameworks.sh\"\n";
			showEnvVarsInLog = 0;
		};
/* End PBXShellScriptBuildPhase section */

/* Begin PBXSourcesBuildPhase section */
		CBCFD6D31CA9662D009990C6 /* Sources */ = {
			isa = PBXSourcesBuildPhase;
			buildActionMask = 2147483647;
			files = (
				CB80915D1CA9801100B2460B /* UIView+Extension.m in Sources */,
				CB8091691CA9B25200B2460B /* MTDropDownView.m in Sources */,
				CB80916E1CA9B4FD00B2460B /* MTSetCatogeryViewController.m in Sources */,
				CB8091541CA974B300B2460B /* MTNavigationController.m in Sources */,
				CB8091531CA974B300B2460B /* MTHomeController.m in Sources */,
				CB8091561CA974B300B2460B /* main.m in Sources */,
				CB8091551CA974B300B2460B /* AppDelegate.m in Sources */,
				CB80915C1CA9801100B2460B /* UIBarButtonItem+Extension.m in Sources */,
				CB8091661CA98EF500B2460B /* MTHomeTopItem.m in Sources */,
				CB8091601CA9830B00B2460B /* const.m in Sources */,
				CB91FD121CABA40700B9E74C /* MTCategory.m in Sources */,
			);
			runOnlyForDeploymentPostprocessing = 0;
		};
		CBCFD6EC1CA9662D009990C6 /* Sources */ = {
			isa = PBXSourcesBuildPhase;
			buildActionMask = 2147483647;
			files = (
				CBCFD6F51CA9662D009990C6 /* MeiTuanHDTests.m in Sources */,
			);
			runOnlyForDeploymentPostprocessing = 0;
		};
		CBCFD6F71CA9662D009990C6 /* Sources */ = {
			isa = PBXSourcesBuildPhase;
			buildActionMask = 2147483647;
			files = (
				CBCFD7001CA9662D009990C6 /* MeiTuanHDUITests.m in Sources */,
			);
			runOnlyForDeploymentPostprocessing = 0;
		};
/* End PBXSourcesBuildPhase section */

/* Begin PBXTargetDependency section */
		CBCFD6F21CA9662D009990C6 /* PBXTargetDependency */ = {
			isa = PBXTargetDependency;
			target = CBCFD6D61CA9662D009990C6 /* MeiTuanHD */;
			targetProxy = CBCFD6F11CA9662D009990C6 /* PBXContainerItemProxy */;
		};
		CBCFD6FD1CA9662D009990C6 /* PBXTargetDependency */ = {
			isa = PBXTargetDependency;
			target = CBCFD6D61CA9662D009990C6 /* MeiTuanHD */;
			targetProxy = CBCFD6FC1CA9662D009990C6 /* PBXContainerItemProxy */;
		};
/* End PBXTargetDependency section */

/* Begin XCBuildConfiguration section */
		CBCFD7021CA9662D009990C6 /* Debug */ = {
			isa = XCBuildConfiguration;
			buildSettings = {
				ALWAYS_SEARCH_USER_PATHS = NO;
				CLANG_CXX_LANGUAGE_STANDARD = "gnu++0x";
				CLANG_CXX_LIBRARY = "libc++";
				CLANG_ENABLE_MODULES = YES;
				CLANG_ENABLE_OBJC_ARC = YES;
				CLANG_WARN_BOOL_CONVERSION = YES;
				CLANG_WARN_CONSTANT_CONVERSION = YES;
				CLANG_WARN_DIRECT_OBJC_ISA_USAGE = YES_ERROR;
				CLANG_WARN_EMPTY_BODY = YES;
				CLANG_WARN_ENUM_CONVERSION = YES;
				CLANG_WARN_INT_CONVERSION = YES;
				CLANG_WARN_OBJC_ROOT_CLASS = YES_ERROR;
				CLANG_WARN_UNREACHABLE_CODE = YES;
				CLANG_WARN__DUPLICATE_METHOD_MATCH = YES;
				"CODE_SIGN_IDENTITY[sdk=iphoneos*]" = "iPhone Developer";
				COPY_PHASE_STRIP = NO;
				DEBUG_INFORMATION_FORMAT = dwarf;
				ENABLE_STRICT_OBJC_MSGSEND = YES;
				ENABLE_TESTABILITY = YES;
				GCC_C_LANGUAGE_STANDARD = gnu99;
				GCC_DYNAMIC_NO_PIC = NO;
				GCC_NO_COMMON_BLOCKS = YES;
				GCC_OPTIMIZATION_LEVEL = 0;
				GCC_PREPROCESSOR_DEFINITIONS = (
					"DEBUG=1",
					"$(inherited)",
				);
				GCC_WARN_64_TO_32_BIT_CONVERSION = YES;
				GCC_WARN_ABOUT_RETURN_TYPE = YES_ERROR;
				GCC_WARN_UNDECLARED_SELECTOR = YES;
				GCC_WARN_UNINITIALIZED_AUTOS = YES_AGGRESSIVE;
				GCC_WARN_UNUSED_FUNCTION = YES;
				GCC_WARN_UNUSED_VARIABLE = YES;
				IPHONEOS_DEPLOYMENT_TARGET = 9.2;
				MTL_ENABLE_DEBUG_INFO = YES;
				ONLY_ACTIVE_ARCH = YES;
				SDKROOT = iphoneos;
				TARGETED_DEVICE_FAMILY = 2;
			};
			name = Debug;
		};
		CBCFD7031CA9662D009990C6 /* Release */ = {
			isa = XCBuildConfiguration;
			buildSettings = {
				ALWAYS_SEARCH_USER_PATHS = NO;
				CLANG_CXX_LANGUAGE_STANDARD = "gnu++0x";
				CLANG_CXX_LIBRARY = "libc++";
				CLANG_ENABLE_MODULES = YES;
				CLANG_ENABLE_OBJC_ARC = YES;
				CLANG_WARN_BOOL_CONVERSION = YES;
				CLANG_WARN_CONSTANT_CONVERSION = YES;
				CLANG_WARN_DIRECT_OBJC_ISA_USAGE = YES_ERROR;
				CLANG_WARN_EMPTY_BODY = YES;
				CLANG_WARN_ENUM_CONVERSION = YES;
				CLANG_WARN_INT_CONVERSION = YES;
				CLANG_WARN_OBJC_ROOT_CLASS = YES_ERROR;
				CLANG_WARN_UNREACHABLE_CODE = YES;
				CLANG_WARN__DUPLICATE_METHOD_MATCH = YES;
				"CODE_SIGN_IDENTITY[sdk=iphoneos*]" = "iPhone Developer";
				COPY_PHASE_STRIP = NO;
				DEBUG_INFORMATION_FORMAT = "dwarf-with-dsym";
				ENABLE_NS_ASSERTIONS = NO;
				ENABLE_STRICT_OBJC_MSGSEND = YES;
				GCC_C_LANGUAGE_STANDARD = gnu99;
				GCC_NO_COMMON_BLOCKS = YES;
				GCC_WARN_64_TO_32_BIT_CONVERSION = YES;
				GCC_WARN_ABOUT_RETURN_TYPE = YES_ERROR;
				GCC_WARN_UNDECLARED_SELECTOR = YES;
				GCC_WARN_UNINITIALIZED_AUTOS = YES_AGGRESSIVE;
				GCC_WARN_UNUSED_FUNCTION = YES;
				GCC_WARN_UNUSED_VARIABLE = YES;
				IPHONEOS_DEPLOYMENT_TARGET = 9.2;
				MTL_ENABLE_DEBUG_INFO = NO;
				SDKROOT = iphoneos;
				TARGETED_DEVICE_FAMILY = 2;
				VALIDATE_PRODUCT = YES;
			};
			name = Release;
		};
		CBCFD7051CA9662D009990C6 /* Debug */ = {
			isa = XCBuildConfiguration;
			baseConfigurationReference = 2D134C37F6911C1D8BE6727B /* Pods.debug.xcconfig */;
			buildSettings = {
				ASSETCATALOG_COMPILER_APPICON_NAME = AppIcon;
				ASSETCATALOG_COMPILER_LAUNCHIMAGE_NAME = LaunchImage;
				GCC_INCREASE_PRECOMPILED_HEADER_SHARING = NO;
				GCC_PRECOMPILE_PREFIX_HEADER = NO;
				GCC_PREFIX_HEADER = "MeiTuanHD/Classes/Main(主要)/Other/const.pch";
				INFOPLIST_FILE = MeiTuanHD/Info.plist;
				IPHONEOS_DEPLOYMENT_TARGET = 9.2;
				LD_RUNPATH_SEARCH_PATHS = "$(inherited) @executable_path/Frameworks";
				PRODUCT_BUNDLE_IDENTIFIER = com.JW.MeiTuanHD;
				PRODUCT_NAME = "$(TARGET_NAME)";
				TARGETED_DEVICE_FAMILY = 2;
			};
			name = Debug;
		};
		CBCFD7061CA9662D009990C6 /* Release */ = {
			isa = XCBuildConfiguration;
			baseConfigurationReference = F0A03CCE52D427BF89F2EFE4 /* Pods.release.xcconfig */;
			buildSettings = {
				ASSETCATALOG_COMPILER_APPICON_NAME = AppIcon;
				ASSETCATALOG_COMPILER_LAUNCHIMAGE_NAME = LaunchImage;
				GCC_INCREASE_PRECOMPILED_HEADER_SHARING = NO;
				GCC_PRECOMPILE_PREFIX_HEADER = NO;
				GCC_PREFIX_HEADER = "MeiTuanHD/Classes/Main(主要)/Other/const.pch";
				INFOPLIST_FILE = MeiTuanHD/Info.plist;
				IPHONEOS_DEPLOYMENT_TARGET = 9.2;
				LD_RUNPATH_SEARCH_PATHS = "$(inherited) @executable_path/Frameworks";
				PRODUCT_BUNDLE_IDENTIFIER = com.JW.MeiTuanHD;
				PRODUCT_NAME = "$(TARGET_NAME)";
				TARGETED_DEVICE_FAMILY = 2;
			};
			name = Release;
		};
		CBCFD7081CA9662D009990C6 /* Debug */ = {
			isa = XCBuildConfiguration;
			buildSettings = {
				BUNDLE_LOADER = "$(TEST_HOST)";
				INFOPLIST_FILE = MeiTuanHDTests/Info.plist;
				LD_RUNPATH_SEARCH_PATHS = "$(inherited) @executable_path/Frameworks @loader_path/Frameworks";
				PRODUCT_BUNDLE_IDENTIFIER = com.JW.MeiTuanHDTests;
				PRODUCT_NAME = "$(TARGET_NAME)";
				TEST_HOST = "$(BUILT_PRODUCTS_DIR)/MeiTuanHD.app/MeiTuanHD";
			};
			name = Debug;
		};
		CBCFD7091CA9662D009990C6 /* Release */ = {
			isa = XCBuildConfiguration;
			buildSettings = {
				BUNDLE_LOADER = "$(TEST_HOST)";
				INFOPLIST_FILE = MeiTuanHDTests/Info.plist;
				LD_RUNPATH_SEARCH_PATHS = "$(inherited) @executable_path/Frameworks @loader_path/Frameworks";
				PRODUCT_BUNDLE_IDENTIFIER = com.JW.MeiTuanHDTests;
				PRODUCT_NAME = "$(TARGET_NAME)";
				TEST_HOST = "$(BUILT_PRODUCTS_DIR)/MeiTuanHD.app/MeiTuanHD";
			};
			name = Release;
		};
		CBCFD70B1CA9662D009990C6 /* Debug */ = {
			isa = XCBuildConfiguration;
			buildSettings = {
				INFOPLIST_FILE = MeiTuanHDUITests/Info.plist;
				LD_RUNPATH_SEARCH_PATHS = "$(inherited) @executable_path/Frameworks @loader_path/Frameworks";
				PRODUCT_BUNDLE_IDENTIFIER = com.JW.MeiTuanHDUITests;
				PRODUCT_NAME = "$(TARGET_NAME)";
				TEST_TARGET_NAME = MeiTuanHD;
				USES_XCTRUNNER = YES;
			};
			name = Debug;
		};
		CBCFD70C1CA9662D009990C6 /* Release */ = {
			isa = XCBuildConfiguration;
			buildSettings = {
				INFOPLIST_FILE = MeiTuanHDUITests/Info.plist;
				LD_RUNPATH_SEARCH_PATHS = "$(inherited) @executable_path/Frameworks @loader_path/Frameworks";
				PRODUCT_BUNDLE_IDENTIFIER = com.JW.MeiTuanHDUITests;
				PRODUCT_NAME = "$(TARGET_NAME)";
				TEST_TARGET_NAME = MeiTuanHD;
				USES_XCTRUNNER = YES;
			};
			name = Release;
		};
/* End XCBuildConfiguration section */

/* Begin XCConfigurationList section */
		CBCFD6D21CA9662D009990C6 /* Build configuration list for PBXProject "MeiTuanHD" */ = {
			isa = XCConfigurationList;
			buildConfigurations = (
				CBCFD7021CA9662D009990C6 /* Debug */,
				CBCFD7031CA9662D009990C6 /* Release */,
			);
			defaultConfigurationIsVisible = 0;
			defaultConfigurationName = Release;
		};
		CBCFD7041CA9662D009990C6 /* Build configuration list for PBXNativeTarget "MeiTuanHD" */ = {
			isa = XCConfigurationList;
			buildConfigurations = (
				CBCFD7051CA9662D009990C6 /* Debug */,
				CBCFD7061CA9662D009990C6 /* Release */,
			);
			defaultConfigurationIsVisible = 0;
			defaultConfigurationName = Release;
		};
		CBCFD7071CA9662D009990C6 /* Build configuration list for PBXNativeTarget "MeiTuanHDTests" */ = {
			isa = XCConfigurationList;
			buildConfigurations = (
				CBCFD7081CA9662D009990C6 /* Debug */,
				CBCFD7091CA9662D009990C6 /* Release */,
			);
			defaultConfigurationIsVisible = 0;
			defaultConfigurationName = Release;
		};
		CBCFD70A1CA9662D009990C6 /* Build configuration list for PBXNativeTarget "MeiTuanHDUITests" */ = {
			isa = XCConfigurationList;
			buildConfigurations = (
				CBCFD70B1CA9662D009990C6 /* Debug */,
				CBCFD70C1CA9662D009990C6 /* Release */,
			);
			defaultConfigurationIsVisible = 0;
			defaultConfigurationName = Release;
		};
/* End XCConfigurationList section */
	};
	rootObject = CBCFD6CF1CA9662D009990C6 /* Project object */;
}
