// !$*UTF8*$!
{
	archiveVersion = 1;
	classes = {
	};
	objectVersion = 46;
	objects = {

/* Begin PBXBuildFile section */
		4242C72945224168897AB2EE /* libPods.a in Frameworks */ = {isa = PBXBuildFile; fileRef = 412D1E9302BD278A2BDD8943 /* libPods.a */; };
		CB0E42221CBA3D5C00F5B86C /* MTMetaTool.m in Sources */ = {isa = PBXBuildFile; fileRef = CB0E42211CBA3D5C00F5B86C /* MTMetaTool.m */; };
		CB0E42251CBA6FCE00F5B86C /* MTSearchResultTVC.m in Sources */ = {isa = PBXBuildFile; fileRef = CB0E42241CBA6FCE00F5B86C /* MTSearchResultTVC.m */; };
		CB316E3D1CC6759B00786947 /* MTDetailDealViewController.m in Sources */ = {isa = PBXBuildFile; fileRef = CB316E3B1CC6759B00786947 /* MTDetailDealViewController.m */; };
		CB316E3E1CC6759B00786947 /* MTDetailDealViewController.xib in Resources */ = {isa = PBXBuildFile; fileRef = CB316E3C1CC6759B00786947 /* MTDetailDealViewController.xib */; };
		CB316E411CC721A800786947 /* MTRestriction.m in Sources */ = {isa = PBXBuildFile; fileRef = CB316E401CC721A800786947 /* MTRestriction.m */; };
		CB316E431CC7D25700786947 /* libsqlite3.0.tbd in Frameworks */ = {isa = PBXBuildFile; fileRef = CB316E421CC7D25700786947 /* libsqlite3.0.tbd */; };
		CB316E461CC7D31B00786947 /* MTCollectDealTool.m in Sources */ = {isa = PBXBuildFile; fileRef = CB316E451CC7D31B00786947 /* MTCollectDealTool.m */; };
		CB316E491CC7E4C900786947 /* MTCollectViewController.m in Sources */ = {isa = PBXBuildFile; fileRef = CB316E481CC7E4C900786947 /* MTCollectViewController.m */; };
		CB316E4C1CC7F6A200786947 /* MTBaseDealCollectionViewController.m in Sources */ = {isa = PBXBuildFile; fileRef = CB316E4B1CC7F6A200786947 /* MTBaseDealCollectionViewController.m */; };
		CB40ACE51CBD586F000D23B5 /* MBProgressHUD+MJ.m in Sources */ = {isa = PBXBuildFile; fileRef = CB40ACE11CBD586F000D23B5 /* MBProgressHUD+MJ.m */; };
		CB40ACE61CBD586F000D23B5 /* MBProgressHUD.bundle in Resources */ = {isa = PBXBuildFile; fileRef = CB40ACE21CBD586F000D23B5 /* MBProgressHUD.bundle */; };
		CB40ACE71CBD586F000D23B5 /* MBProgressHUD.m in Sources */ = {isa = PBXBuildFile; fileRef = CB40ACE41CBD586F000D23B5 /* MBProgressHUD.m */; };
		CB40ACEC1CBD5CB8000D23B5 /* MTSearchCollectionViewController.m in Sources */ = {isa = PBXBuildFile; fileRef = CB40ACEB1CBD5CB8000D23B5 /* MTSearchCollectionViewController.m */; };
		CB40ACEF1CBD5D13000D23B5 /* MTDealCollectionViewController.m in Sources */ = {isa = PBXBuildFile; fileRef = CB40ACEE1CBD5D13000D23B5 /* MTDealCollectionViewController.m */; };
		CB7297501CBA276F000CECCA /* MTRegion.m in Sources */ = {isa = PBXBuildFile; fileRef = CB72974F1CBA276F000CECCA /* MTRegion.m */; };
		CB8090A81CA9723500B2460B /* categories.plist in Resources */ = {isa = PBXBuildFile; fileRef = CB8090A41CA9723500B2460B /* categories.plist */; };
		CB8090A91CA9723500B2460B /* cities.plist in Resources */ = {isa = PBXBuildFile; fileRef = CB8090A51CA9723500B2460B /* cities.plist */; };
		CB8090AA1CA9723500B2460B /* cityGroups.plist in Resources */ = {isa = PBXBuildFile; fileRef = CB8090A61CA9723500B2460B /* cityGroups.plist */; };
		CB8090AB1CA9723500B2460B /* sorts.plist in Resources */ = {isa = PBXBuildFile; fileRef = CB8090A71CA9723500B2460B /* sorts.plist */; };
		CB8091531CA974B300B2460B /* MTHomeController.m in Sources */ = {isa = PBXBuildFile; fileRef = CB8091461CA974B300B2460B /* MTHomeController.m */; };
		CB8091541CA974B300B2460B /* MTNavigationController.m in Sources */ = {isa = PBXBuildFile; fileRef = CB80914C1CA974B300B2460B /* MTNavigationController.m */; };
		CB8091551CA974B300B2460B /* AppDelegate.m in Sources */ = {isa = PBXBuildFile; fileRef = CB8091501CA974B300B2460B /* AppDelegate.m */; };
		CB8091561CA974B300B2460B /* main.m in Sources */ = {isa = PBXBuildFile; fileRef = CB8091511CA974B300B2460B /* main.m */; };
		CB80915C1CA9801100B2460B /* UIBarButtonItem+Extension.m in Sources */ = {isa = PBXBuildFile; fileRef = CB8091591CA9801100B2460B /* UIBarButtonItem+Extension.m */; };
		CB80915D1CA9801100B2460B /* UIView+Extension.m in Sources */ = {isa = PBXBuildFile; fileRef = CB80915B1CA9801100B2460B /* UIView+Extension.m */; };
		CB8091601CA9830B00B2460B /* const.m in Sources */ = {isa = PBXBuildFile; fileRef = CB80915F1CA9830B00B2460B /* const.m */; };
		CB8091631CA98A1600B2460B /* MTHomeTopItem.xib in Resources */ = {isa = PBXBuildFile; fileRef = CB8091621CA98A1600B2460B /* MTHomeTopItem.xib */; };
		CB8091661CA98EF500B2460B /* MTHomeTopItem.m in Sources */ = {isa = PBXBuildFile; fileRef = CB8091651CA98EF500B2460B /* MTHomeTopItem.m */; };
		CB8091691CA9B25200B2460B /* MTDropDownView.m in Sources */ = {isa = PBXBuildFile; fileRef = CB8091681CA9B25200B2460B /* MTDropDownView.m */; };
		CB80916B1CA9B26600B2460B /* MTDropDownView.xib in Resources */ = {isa = PBXBuildFile; fileRef = CB80916A1CA9B26600B2460B /* MTDropDownView.xib */; };
		CB80916E1CA9B4FD00B2460B /* MTCatogeryViewController.m in Sources */ = {isa = PBXBuildFile; fileRef = CB80916D1CA9B4FD00B2460B /* MTCatogeryViewController.m */; };
		CB91FD121CABA40700B9E74C /* MTCategory.m in Sources */ = {isa = PBXBuildFile; fileRef = CB91FD111CABA40700B9E74C /* MTCategory.m */; };
		CB91FD151CABC4AC00B9E74C /* MTRegionViewController.m in Sources */ = {isa = PBXBuildFile; fileRef = CB91FD141CABC4AC00B9E74C /* MTRegionViewController.m */; };
		CB91FD1E1CABCE5800B9E74C /* MTRegionViewController.xib in Resources */ = {isa = PBXBuildFile; fileRef = CB91FD1D1CABCE5800B9E74C /* MTRegionViewController.xib */; };
		CB91FD221CABE4D500B9E74C /* MTChangeCityViewController.m in Sources */ = {isa = PBXBuildFile; fileRef = CB91FD201CABE4D500B9E74C /* MTChangeCityViewController.m */; };
		CB91FD231CABE4D500B9E74C /* MTChangeCityViewController.xib in Resources */ = {isa = PBXBuildFile; fileRef = CB91FD211CABE4D500B9E74C /* MTChangeCityViewController.xib */; };
		CB97CF151CBB7AED005AF893 /* DPAPI.m in Sources */ = {isa = PBXBuildFile; fileRef = CB97CF111CBB7AED005AF893 /* DPAPI.m */; };
		CB97CF161CBB7AED005AF893 /* DPRequest.m in Sources */ = {isa = PBXBuildFile; fileRef = CB97CF141CBB7AED005AF893 /* DPRequest.m */; };
		CB97CF251CBB7B0F005AF893 /* NSObject+SBJSON.m in Sources */ = {isa = PBXBuildFile; fileRef = CB97CF1A1CBB7B0F005AF893 /* NSObject+SBJSON.m */; };
		CB97CF261CBB7B0F005AF893 /* NSString+SBJSON.m in Sources */ = {isa = PBXBuildFile; fileRef = CB97CF1C1CBB7B0F005AF893 /* NSString+SBJSON.m */; };
		CB97CF271CBB7B0F005AF893 /* SBJSON.m in Sources */ = {isa = PBXBuildFile; fileRef = CB97CF1E1CBB7B0F005AF893 /* SBJSON.m */; };
		CB97CF281CBB7B0F005AF893 /* SBJsonBase.m in Sources */ = {isa = PBXBuildFile; fileRef = CB97CF201CBB7B0F005AF893 /* SBJsonBase.m */; };
		CB97CF291CBB7B0F005AF893 /* SBJsonParser.m in Sources */ = {isa = PBXBuildFile; fileRef = CB97CF221CBB7B0F005AF893 /* SBJsonParser.m */; };
		CB97CF2A1CBB7B0F005AF893 /* SBJsonWriter.m in Sources */ = {isa = PBXBuildFile; fileRef = CB97CF241CBB7B0F005AF893 /* SBJsonWriter.m */; };
		CB97CF2F1CBB8530005AF893 /* NSArray+Log.m in Sources */ = {isa = PBXBuildFile; fileRef = CB97CF2C1CBB8530005AF893 /* NSArray+Log.m */; };
		CB97CF301CBB8530005AF893 /* NSDictionary+Log.m in Sources */ = {isa = PBXBuildFile; fileRef = CB97CF2E1CBB8530005AF893 /* NSDictionary+Log.m */; };
		CB97CF341CBCC280005AF893 /* MTDealCollectionViewCell.m in Sources */ = {isa = PBXBuildFile; fileRef = CB97CF321CBCC280005AF893 /* MTDealCollectionViewCell.m */; };
		CB97CF351CBCC280005AF893 /* MTDealCollectionViewCell.xib in Resources */ = {isa = PBXBuildFile; fileRef = CB97CF331CBCC280005AF893 /* MTDealCollectionViewCell.xib */; };
		CB97CF381CBCC4E2005AF893 /* MTDeal.m in Sources */ = {isa = PBXBuildFile; fileRef = CB97CF371CBCC4E2005AF893 /* MTDeal.m */; };
		CB97CF3B1CBCE769005AF893 /* MTCenterLineLabel.m in Sources */ = {isa = PBXBuildFile; fileRef = CB97CF3A1CBCE769005AF893 /* MTCenterLineLabel.m */; };
		CB97F3F51CBE4548009925B1 /* AwesomeMenu.m in Sources */ = {isa = PBXBuildFile; fileRef = CB97F3F21CBE4548009925B1 /* AwesomeMenu.m */; };
		CB97F3F61CBE4548009925B1 /* AwesomeMenuItem.m in Sources */ = {isa = PBXBuildFile; fileRef = CB97F3F41CBE4548009925B1 /* AwesomeMenuItem.m */; };
		CBAC4EEC1CBABD4400BDCA1B /* MTSort.m in Sources */ = {isa = PBXBuildFile; fileRef = CBAC4EEB1CBABD4400BDCA1B /* MTSort.m */; };
		CBAC4EEF1CBABE3700BDCA1B /* MTSortViewController.m in Sources */ = {isa = PBXBuildFile; fileRef = CBAC4EEE1CBABE3700BDCA1B /* MTSortViewController.m */; };
		CBC494E01CB951BF0067F178 /* MTDropDownViewMasterCell.m in Sources */ = {isa = PBXBuildFile; fileRef = CBC494DF1CB951BF0067F178 /* MTDropDownViewMasterCell.m */; };
		CBC494E31CB9530C0067F178 /* MTDropDownViewDetailCell.m in Sources */ = {isa = PBXBuildFile; fileRef = CBC494E21CB9530C0067F178 /* MTDropDownViewDetailCell.m */; };
		CBCFD6E71CA9662D009990C6 /* Assets.xcassets in Resources */ = {isa = PBXBuildFile; fileRef = CBCFD6E61CA9662D009990C6 /* Assets.xcassets */; };
		CBCFD6F51CA9662D009990C6 /* MeiTuanHDTests.m in Sources */ = {isa = PBXBuildFile; fileRef = CBCFD6F41CA9662D009990C6 /* MeiTuanHDTests.m */; };
		CBCFD7001CA9662D009990C6 /* MeiTuanHDUITests.m in Sources */ = {isa = PBXBuildFile; fileRef = CBCFD6FF1CA9662D009990C6 /* MeiTuanHDUITests.m */; };
		CBEF6F9C1CC4D0EC001A4D9A /* README.md in Sources */ = {isa = PBXBuildFile; fileRef = CBEF6F9B1CC4D0EC001A4D9A /* README.md */; };
		CBF0DA961CAC41EE00362004 /* MTCityGroup.m in Sources */ = {isa = PBXBuildFile; fileRef = CBF0DA951CAC41EE00362004 /* MTCityGroup.m */; };
		CBF0DA991CAC42EF00362004 /* MTCity.m in Sources */ = {isa = PBXBuildFile; fileRef = CBF0DA981CAC42EF00362004 /* MTCity.m */; };
/* End PBXBuildFile section */

/* Begin PBXContainerItemProxy section */
		CBCFD6F11CA9662D009990C6 /* PBXContainerItemProxy */ = {
			isa = PBXContainerItemProxy;
			containerPortal = CBCFD6CF1CA9662D009990C6 /* Project object */;
			proxyType = 1;
			remoteGlobalIDString = CBCFD6D61CA9662D009990C6;
			remoteInfo = MeiTuanHD;
		};
		CBCFD6FC1CA9662D009990C6 /* PBXContainerItemProxy */ = {
			isa = PBXContainerItemProxy;
			containerPortal = CBCFD6CF1CA9662D009990C6 /* Project object */;
			proxyType = 1;
			remoteGlobalIDString = CBCFD6D61CA9662D009990C6;
			remoteInfo = MeiTuanHD;
		};
/* End PBXContainerItemProxy section */

/* Begin PBXFileReference section */
		2D134C37F6911C1D8BE6727B /* Pods.debug.xcconfig */ = {isa = PBXFileReference; includeInIndex = 1; lastKnownFileType = text.xcconfig; name = Pods.debug.xcconfig; path = "Pods/Target Support Files/Pods/Pods.debug.xcconfig"; sourceTree = "<group>"; };
		412D1E9302BD278A2BDD8943 /* libPods.a */ = {isa = PBXFileReference; explicitFileType = archive.ar; includeInIndex = 0; path = libPods.a; sourceTree = BUILT_PRODUCTS_DIR; };
		CB0E42201CBA3D5C00F5B86C /* MTMetaTool.h */ = {isa = PBXFileReference; fileEncoding = 4; lastKnownFileType = sourcecode.c.h; path = MTMetaTool.h; sourceTree = "<group>"; };
		CB0E42211CBA3D5C00F5B86C /* MTMetaTool.m */ = {isa = PBXFileReference; fileEncoding = 4; lastKnownFileType = sourcecode.c.objc; path = MTMetaTool.m; sourceTree = "<group>"; };
		CB0E42231CBA6FCE00F5B86C /* MTSearchResultTVC.h */ = {isa = PBXFileReference; fileEncoding = 4; lastKnownFileType = sourcecode.c.h; path = MTSearchResultTVC.h; sourceTree = "<group>"; };
		CB0E42241CBA6FCE00F5B86C /* MTSearchResultTVC.m */ = {isa = PBXFileReference; fileEncoding = 4; lastKnownFileType = sourcecode.c.objc; path = MTSearchResultTVC.m; sourceTree = "<group>"; };
		CB316E3A1CC6759B00786947 /* MTDetailDealViewController.h */ = {isa = PBXFileReference; fileEncoding = 4; lastKnownFileType = sourcecode.c.h; path = MTDetailDealViewController.h; sourceTree = "<group>"; };
		CB316E3B1CC6759B00786947 /* MTDetailDealViewController.m */ = {isa = PBXFileReference; fileEncoding = 4; lastKnownFileType = sourcecode.c.objc; path = MTDetailDealViewController.m; sourceTree = "<group>"; };
		CB316E3C1CC6759B00786947 /* MTDetailDealViewController.xib */ = {isa = PBXFileReference; fileEncoding = 4; lastKnownFileType = file.xib; path = MTDetailDealViewController.xib; sourceTree = "<group>"; };
		CB316E3F1CC721A800786947 /* MTRestriction.h */ = {isa = PBXFileReference; fileEncoding = 4; lastKnownFileType = sourcecode.c.h; path = MTRestriction.h; sourceTree = "<group>"; };
		CB316E401CC721A800786947 /* MTRestriction.m */ = {isa = PBXFileReference; fileEncoding = 4; lastKnownFileType = sourcecode.c.objc; path = MTRestriction.m; sourceTree = "<group>"; };
		CB316E421CC7D25700786947 /* libsqlite3.0.tbd */ = {isa = PBXFileReference; lastKnownFileType = "sourcecode.text-based-dylib-definition"; name = libsqlite3.0.tbd; path = usr/lib/libsqlite3.0.tbd; sourceTree = SDKROOT; };
		CB316E441CC7D31B00786947 /* MTCollectDealTool.h */ = {isa = PBXFileReference; fileEncoding = 4; lastKnownFileType = sourcecode.c.h; path = MTCollectDealTool.h; sourceTree = "<group>"; };
		CB316E451CC7D31B00786947 /* MTCollectDealTool.m */ = {isa = PBXFileReference; fileEncoding = 4; lastKnownFileType = sourcecode.c.objc; path = MTCollectDealTool.m; sourceTree = "<group>"; };
		CB316E471CC7E4C900786947 /* MTCollectViewController.h */ = {isa = PBXFileReference; fileEncoding = 4; lastKnownFileType = sourcecode.c.h; path = MTCollectViewController.h; sourceTree = "<group>"; };
		CB316E481CC7E4C900786947 /* MTCollectViewController.m */ = {isa = PBXFileReference; fileEncoding = 4; lastKnownFileType = sourcecode.c.objc; path = MTCollectViewController.m; sourceTree = "<group>"; };
		CB316E4A1CC7F6A200786947 /* MTBaseDealCollectionViewController.h */ = {isa = PBXFileReference; fileEncoding = 4; lastKnownFileType = sourcecode.c.h; path = MTBaseDealCollectionViewController.h; sourceTree = "<group>"; };
		CB316E4B1CC7F6A200786947 /* MTBaseDealCollectionViewController.m */ = {isa = PBXFileReference; fileEncoding = 4; lastKnownFileType = sourcecode.c.objc; path = MTBaseDealCollectionViewController.m; sourceTree = "<group>"; };
		CB40ACE01CBD586F000D23B5 /* MBProgressHUD+MJ.h */ = {isa = PBXFileReference; fileEncoding = 4; lastKnownFileType = sourcecode.c.h; path = "MBProgressHUD+MJ.h"; sourceTree = "<group>"; };
		CB40ACE11CBD586F000D23B5 /* MBProgressHUD+MJ.m */ = {isa = PBXFileReference; fileEncoding = 4; lastKnownFileType = sourcecode.c.objc; path = "MBProgressHUD+MJ.m"; sourceTree = "<group>"; };
		CB40ACE21CBD586F000D23B5 /* MBProgressHUD.bundle */ = {isa = PBXFileReference; lastKnownFileType = "wrapper.plug-in"; path = MBProgressHUD.bundle; sourceTree = "<group>"; };
		CB40ACE31CBD586F000D23B5 /* MBProgressHUD.h */ = {isa = PBXFileReference; fileEncoding = 4; lastKnownFileType = sourcecode.c.h; path = MBProgressHUD.h; sourceTree = "<group>"; };
		CB40ACE41CBD586F000D23B5 /* MBProgressHUD.m */ = {isa = PBXFileReference; fileEncoding = 4; lastKnownFileType = sourcecode.c.objc; path = MBProgressHUD.m; sourceTree = "<group>"; };
		CB40ACEA1CBD5CB8000D23B5 /* MTSearchCollectionViewController.h */ = {isa = PBXFileReference; fileEncoding = 4; lastKnownFileType = sourcecode.c.h; path = MTSearchCollectionViewController.h; sourceTree = "<group>"; };
		CB40ACEB1CBD5CB8000D23B5 /* MTSearchCollectionViewController.m */ = {isa = PBXFileReference; fileEncoding = 4; lastKnownFileType = sourcecode.c.objc; path = MTSearchCollectionViewController.m; sourceTree = "<group>"; };
		CB40ACED1CBD5D13000D23B5 /* MTDealCollectionViewController.h */ = {isa = PBXFileReference; fileEncoding = 4; lastKnownFileType = sourcecode.c.h; path = MTDealCollectionViewController.h; sourceTree = "<group>"; };
		CB40ACEE1CBD5D13000D23B5 /* MTDealCollectionViewController.m */ = {isa = PBXFileReference; fileEncoding = 4; lastKnownFileType = sourcecode.c.objc; path = MTDealCollectionViewController.m; sourceTree = "<group>"; };
		CB72974E1CBA276F000CECCA /* MTRegion.h */ = {isa = PBXFileReference; fileEncoding = 4; lastKnownFileType = sourcecode.c.h; path = MTRegion.h; sourceTree = "<group>"; };
		CB72974F1CBA276F000CECCA /* MTRegion.m */ = {isa = PBXFileReference; fileEncoding = 4; lastKnownFileType = sourcecode.c.objc; path = MTRegion.m; sourceTree = "<group>"; };
		CB8090A41CA9723500B2460B /* categories.plist */ = {isa = PBXFileReference; fileEncoding = 4; lastKnownFileType = text.plist.xml; path = categories.plist; sourceTree = "<group>"; };
		CB8090A51CA9723500B2460B /* cities.plist */ = {isa = PBXFileReference; fileEncoding = 4; lastKnownFileType = text.plist.xml; path = cities.plist; sourceTree = "<group>"; };
		CB8090A61CA9723500B2460B /* cityGroups.plist */ = {isa = PBXFileReference; fileEncoding = 4; lastKnownFileType = text.plist.xml; path = cityGroups.plist; sourceTree = "<group>"; };
		CB8090A71CA9723500B2460B /* sorts.plist */ = {isa = PBXFileReference; fileEncoding = 4; lastKnownFileType = text.plist.xml; path = sorts.plist; sourceTree = "<group>"; };
		CB8091451CA974B300B2460B /* MTHomeController.h */ = {isa = PBXFileReference; fileEncoding = 4; lastKnownFileType = sourcecode.c.h; path = MTHomeController.h; sourceTree = "<group>"; };
		CB8091461CA974B300B2460B /* MTHomeController.m */ = {isa = PBXFileReference; fileEncoding = 4; lastKnownFileType = sourcecode.c.objc; path = MTHomeController.m; sourceTree = "<group>"; };
		CB80914B1CA974B300B2460B /* MTNavigationController.h */ = {isa = PBXFileReference; fileEncoding = 4; lastKnownFileType = sourcecode.c.h; path = MTNavigationController.h; sourceTree = "<group>"; };
		CB80914C1CA974B300B2460B /* MTNavigationController.m */ = {isa = PBXFileReference; fileEncoding = 4; lastKnownFileType = sourcecode.c.objc; path = MTNavigationController.m; sourceTree = "<group>"; };
		CB80914F1CA974B300B2460B /* AppDelegate.h */ = {isa = PBXFileReference; fileEncoding = 4; lastKnownFileType = sourcecode.c.h; path = AppDelegate.h; sourceTree = "<group>"; };
		CB8091501CA974B300B2460B /* AppDelegate.m */ = {isa = PBXFileReference; fileEncoding = 4; lastKnownFileType = sourcecode.c.objc; path = AppDelegate.m; sourceTree = "<group>"; };
		CB8091511CA974B300B2460B /* main.m */ = {isa = PBXFileReference; fileEncoding = 4; lastKnownFileType = sourcecode.c.objc; path = main.m; sourceTree = "<group>"; };
		CB8091581CA9801100B2460B /* UIBarButtonItem+Extension.h */ = {isa = PBXFileReference; fileEncoding = 4; lastKnownFileType = sourcecode.c.h; path = "UIBarButtonItem+Extension.h"; sourceTree = "<group>"; };
		CB8091591CA9801100B2460B /* UIBarButtonItem+Extension.m */ = {isa = PBXFileReference; fileEncoding = 4; lastKnownFileType = sourcecode.c.objc; path = "UIBarButtonItem+Extension.m"; sourceTree = "<group>"; };
		CB80915A1CA9801100B2460B /* UIView+Extension.h */ = {isa = PBXFileReference; fileEncoding = 4; lastKnownFileType = sourcecode.c.h; path = "UIView+Extension.h"; sourceTree = "<group>"; };
		CB80915B1CA9801100B2460B /* UIView+Extension.m */ = {isa = PBXFileReference; fileEncoding = 4; lastKnownFileType = sourcecode.c.objc; path = "UIView+Extension.m"; sourceTree = "<group>"; };
		CB80915E1CA9830B00B2460B /* const.h */ = {isa = PBXFileReference; fileEncoding = 4; lastKnownFileType = sourcecode.c.h; path = const.h; sourceTree = "<group>"; };
		CB80915F1CA9830B00B2460B /* const.m */ = {isa = PBXFileReference; fileEncoding = 4; lastKnownFileType = sourcecode.c.objc; path = const.m; sourceTree = "<group>"; };
		CB8091611CA9835600B2460B /* const.pch */ = {isa = PBXFileReference; lastKnownFileType = sourcecode.c.h; path = const.pch; sourceTree = "<group>"; };
		CB8091621CA98A1600B2460B /* MTHomeTopItem.xib */ = {isa = PBXFileReference; fileEncoding = 4; lastKnownFileType = file.xib; path = MTHomeTopItem.xib; sourceTree = "<group>"; };
		CB8091641CA98EF500B2460B /* MTHomeTopItem.h */ = {isa = PBXFileReference; fileEncoding = 4; lastKnownFileType = sourcecode.c.h; path = MTHomeTopItem.h; sourceTree = "<group>"; };
		CB8091651CA98EF500B2460B /* MTHomeTopItem.m */ = {isa = PBXFileReference; fileEncoding = 4; lastKnownFileType = sourcecode.c.objc; path = MTHomeTopItem.m; sourceTree = "<group>"; };
		CB8091671CA9B25200B2460B /* MTDropDownView.h */ = {isa = PBXFileReference; fileEncoding = 4; lastKnownFileType = sourcecode.c.h; path = MTDropDownView.h; sourceTree = "<group>"; };
		CB8091681CA9B25200B2460B /* MTDropDownView.m */ = {isa = PBXFileReference; fileEncoding = 4; lastKnownFileType = sourcecode.c.objc; path = MTDropDownView.m; sourceTree = "<group>"; };
		CB80916A1CA9B26600B2460B /* MTDropDownView.xib */ = {isa = PBXFileReference; fileEncoding = 4; lastKnownFileType = file.xib; path = MTDropDownView.xib; sourceTree = "<group>"; };
		CB80916C1CA9B4FD00B2460B /* MTCatogeryViewController.h */ = {isa = PBXFileReference; fileEncoding = 4; lastKnownFileType = sourcecode.c.h; path = MTCatogeryViewController.h; sourceTree = "<group>"; };
		CB80916D1CA9B4FD00B2460B /* MTCatogeryViewController.m */ = {isa = PBXFileReference; fileEncoding = 4; lastKnownFileType = sourcecode.c.objc; path = MTCatogeryViewController.m; sourceTree = "<group>"; };
		CB91FD101CABA40700B9E74C /* MTCategory.h */ = {isa = PBXFileReference; fileEncoding = 4; lastKnownFileType = sourcecode.c.h; path = MTCategory.h; sourceTree = "<group>"; };
		CB91FD111CABA40700B9E74C /* MTCategory.m */ = {isa = PBXFileReference; fileEncoding = 4; lastKnownFileType = sourcecode.c.objc; path = MTCategory.m; sourceTree = "<group>"; };
		CB91FD131CABC4AC00B9E74C /* MTRegionViewController.h */ = {isa = PBXFileReference; fileEncoding = 4; lastKnownFileType = sourcecode.c.h; path = MTRegionViewController.h; sourceTree = "<group>"; };
		CB91FD141CABC4AC00B9E74C /* MTRegionViewController.m */ = {isa = PBXFileReference; fileEncoding = 4; lastKnownFileType = sourcecode.c.objc; path = MTRegionViewController.m; sourceTree = "<group>"; };
		CB91FD1D1CABCE5800B9E74C /* MTRegionViewController.xib */ = {isa = PBXFileReference; fileEncoding = 4; lastKnownFileType = file.xib; path = MTRegionViewController.xib; sourceTree = "<group>"; };
		CB91FD1F1CABE4D500B9E74C /* MTChangeCityViewController.h */ = {isa = PBXFileReference; fileEncoding = 4; lastKnownFileType = sourcecode.c.h; path = MTChangeCityViewController.h; sourceTree = "<group>"; };
		CB91FD201CABE4D500B9E74C /* MTChangeCityViewController.m */ = {isa = PBXFileReference; fileEncoding = 4; lastKnownFileType = sourcecode.c.objc; path = MTChangeCityViewController.m; sourceTree = "<group>"; };
		CB91FD211CABE4D500B9E74C /* MTChangeCityViewController.xib */ = {isa = PBXFileReference; fileEncoding = 4; lastKnownFileType = file.xib; path = MTChangeCityViewController.xib; sourceTree = "<group>"; };
		CB97CF101CBB7AED005AF893 /* DPAPI.h */ = {isa = PBXFileReference; fileEncoding = 4; lastKnownFileType = sourcecode.c.h; path = DPAPI.h; sourceTree = "<group>"; };
		CB97CF111CBB7AED005AF893 /* DPAPI.m */ = {isa = PBXFileReference; fileEncoding = 4; lastKnownFileType = sourcecode.c.objc; path = DPAPI.m; sourceTree = "<group>"; };
		CB97CF121CBB7AED005AF893 /* DPConstants.h */ = {isa = PBXFileReference; fileEncoding = 4; lastKnownFileType = sourcecode.c.h; path = DPConstants.h; sourceTree = "<group>"; };
		CB97CF131CBB7AED005AF893 /* DPRequest.h */ = {isa = PBXFileReference; fileEncoding = 4; lastKnownFileType = sourcecode.c.h; path = DPRequest.h; sourceTree = "<group>"; };
		CB97CF141CBB7AED005AF893 /* DPRequest.m */ = {isa = PBXFileReference; fileEncoding = 4; lastKnownFileType = sourcecode.c.objc; path = DPRequest.m; sourceTree = "<group>"; };
		CB97CF181CBB7B0F005AF893 /* JSON.h */ = {isa = PBXFileReference; fileEncoding = 4; lastKnownFileType = sourcecode.c.h; path = JSON.h; sourceTree = "<group>"; };
		CB97CF191CBB7B0F005AF893 /* NSObject+SBJSON.h */ = {isa = PBXFileReference; fileEncoding = 4; lastKnownFileType = sourcecode.c.h; path = "NSObject+SBJSON.h"; sourceTree = "<group>"; };
		CB97CF1A1CBB7B0F005AF893 /* NSObject+SBJSON.m */ = {isa = PBXFileReference; fileEncoding = 4; lastKnownFileType = sourcecode.c.objc; path = "NSObject+SBJSON.m"; sourceTree = "<group>"; };
		CB97CF1B1CBB7B0F005AF893 /* NSString+SBJSON.h */ = {isa = PBXFileReference; fileEncoding = 4; lastKnownFileType = sourcecode.c.h; path = "NSString+SBJSON.h"; sourceTree = "<group>"; };
		CB97CF1C1CBB7B0F005AF893 /* NSString+SBJSON.m */ = {isa = PBXFileReference; fileEncoding = 4; lastKnownFileType = sourcecode.c.objc; path = "NSString+SBJSON.m"; sourceTree = "<group>"; };
		CB97CF1D1CBB7B0F005AF893 /* SBJSON.h */ = {isa = PBXFileReference; fileEncoding = 4; lastKnownFileType = sourcecode.c.h; path = SBJSON.h; sourceTree = "<group>"; };
		CB97CF1E1CBB7B0F005AF893 /* SBJSON.m */ = {isa = PBXFileReference; fileEncoding = 4; lastKnownFileType = sourcecode.c.objc; path = SBJSON.m; sourceTree = "<group>"; };
		CB97CF1F1CBB7B0F005AF893 /* SBJsonBase.h */ = {isa = PBXFileReference; fileEncoding = 4; lastKnownFileType = sourcecode.c.h; path = SBJsonBase.h; sourceTree = "<group>"; };
		CB97CF201CBB7B0F005AF893 /* SBJsonBase.m */ = {isa = PBXFileReference; fileEncoding = 4; lastKnownFileType = sourcecode.c.objc; path = SBJsonBase.m; sourceTree = "<group>"; };
		CB97CF211CBB7B0F005AF893 /* SBJsonParser.h */ = {isa = PBXFileReference; fileEncoding = 4; lastKnownFileType = sourcecode.c.h; path = SBJsonParser.h; sourceTree = "<group>"; };
		CB97CF221CBB7B0F005AF893 /* SBJsonParser.m */ = {isa = PBXFileReference; fileEncoding = 4; lastKnownFileType = sourcecode.c.objc; path = SBJsonParser.m; sourceTree = "<group>"; };
		CB97CF231CBB7B0F005AF893 /* SBJsonWriter.h */ = {isa = PBXFileReference; fileEncoding = 4; lastKnownFileType = sourcecode.c.h; path = SBJsonWriter.h; sourceTree = "<group>"; };
		CB97CF241CBB7B0F005AF893 /* SBJsonWriter.m */ = {isa = PBXFileReference; fileEncoding = 4; lastKnownFileType = sourcecode.c.objc; path = SBJsonWriter.m; sourceTree = "<group>"; };
		CB97CF2B1CBB8530005AF893 /* NSArray+Log.h */ = {isa = PBXFileReference; fileEncoding = 4; lastKnownFileType = sourcecode.c.h; path = "NSArray+Log.h"; sourceTree = "<group>"; };
		CB97CF2C1CBB8530005AF893 /* NSArray+Log.m */ = {isa = PBXFileReference; fileEncoding = 4; lastKnownFileType = sourcecode.c.objc; path = "NSArray+Log.m"; sourceTree = "<group>"; };
		CB97CF2D1CBB8530005AF893 /* NSDictionary+Log.h */ = {isa = PBXFileReference; fileEncoding = 4; lastKnownFileType = sourcecode.c.h; path = "NSDictionary+Log.h"; sourceTree = "<group>"; };
		CB97CF2E1CBB8530005AF893 /* NSDictionary+Log.m */ = {isa = PBXFileReference; fileEncoding = 4; lastKnownFileType = sourcecode.c.objc; path = "NSDictionary+Log.m"; sourceTree = "<group>"; };
		CB97CF311CBCC280005AF893 /* MTDealCollectionViewCell.h */ = {isa = PBXFileReference; fileEncoding = 4; lastKnownFileType = sourcecode.c.h; path = MTDealCollectionViewCell.h; sourceTree = "<group>"; };
		CB97CF321CBCC280005AF893 /* MTDealCollectionViewCell.m */ = {isa = PBXFileReference; fileEncoding = 4; lastKnownFileType = sourcecode.c.objc; path = MTDealCollectionViewCell.m; sourceTree = "<group>"; };
		CB97CF331CBCC280005AF893 /* MTDealCollectionViewCell.xib */ = {isa = PBXFileReference; fileEncoding = 4; lastKnownFileType = file.xib; path = MTDealCollectionViewCell.xib; sourceTree = "<group>"; };
		CB97CF361CBCC4E2005AF893 /* MTDeal.h */ = {isa = PBXFileReference; fileEncoding = 4; lastKnownFileType = sourcecode.c.h; path = MTDeal.h; sourceTree = "<group>"; };
		CB97CF371CBCC4E2005AF893 /* MTDeal.m */ = {isa = PBXFileReference; fileEncoding = 4; lastKnownFileType = sourcecode.c.objc; path = MTDeal.m; sourceTree = "<group>"; };
		CB97CF391CBCE769005AF893 /* MTCenterLineLabel.h */ = {isa = PBXFileReference; fileEncoding = 4; lastKnownFileType = sourcecode.c.h; path = MTCenterLineLabel.h; sourceTree = "<group>"; };
		CB97CF3A1CBCE769005AF893 /* MTCenterLineLabel.m */ = {isa = PBXFileReference; fileEncoding = 4; lastKnownFileType = sourcecode.c.objc; path = MTCenterLineLabel.m; sourceTree = "<group>"; };
		CB97F3F11CBE4548009925B1 /* AwesomeMenu.h */ = {isa = PBXFileReference; fileEncoding = 4; lastKnownFileType = sourcecode.c.h; path = AwesomeMenu.h; sourceTree = "<group>"; };
		CB97F3F21CBE4548009925B1 /* AwesomeMenu.m */ = {isa = PBXFileReference; fileEncoding = 4; lastKnownFileType = sourcecode.c.objc; path = AwesomeMenu.m; sourceTree = "<group>"; };
		CB97F3F31CBE4548009925B1 /* AwesomeMenuItem.h */ = {isa = PBXFileReference; fileEncoding = 4; lastKnownFileType = sourcecode.c.h; path = AwesomeMenuItem.h; sourceTree = "<group>"; };
		CB97F3F41CBE4548009925B1 /* AwesomeMenuItem.m */ = {isa = PBXFileReference; fileEncoding = 4; lastKnownFileType = sourcecode.c.objc; path = AwesomeMenuItem.m; sourceTree = "<group>"; };
		CBAC4EEA1CBABD4400BDCA1B /* MTSort.h */ = {isa = PBXFileReference; fileEncoding = 4; lastKnownFileType = sourcecode.c.h; path = MTSort.h; sourceTree = "<group>"; };
		CBAC4EEB1CBABD4400BDCA1B /* MTSort.m */ = {isa = PBXFileReference; fileEncoding = 4; lastKnownFileType = sourcecode.c.objc; path = MTSort.m; sourceTree = "<group>"; };
		CBAC4EED1CBABE3700BDCA1B /* MTSortViewController.h */ = {isa = PBXFileReference; fileEncoding = 4; lastKnownFileType = sourcecode.c.h; path = MTSortViewController.h; sourceTree = "<group>"; };
		CBAC4EEE1CBABE3700BDCA1B /* MTSortViewController.m */ = {isa = PBXFileReference; fileEncoding = 4; lastKnownFileType = sourcecode.c.objc; path = MTSortViewController.m; sourceTree = "<group>"; };
		CBC494DE1CB951BF0067F178 /* MTDropDownViewMasterCell.h */ = {isa = PBXFileReference; fileEncoding = 4; lastKnownFileType = sourcecode.c.h; path = MTDropDownViewMasterCell.h; sourceTree = "<group>"; };
		CBC494DF1CB951BF0067F178 /* MTDropDownViewMasterCell.m */ = {isa = PBXFileReference; fileEncoding = 4; lastKnownFileType = sourcecode.c.objc; path = MTDropDownViewMasterCell.m; sourceTree = "<group>"; };
		CBC494E11CB9530C0067F178 /* MTDropDownViewDetailCell.h */ = {isa = PBXFileReference; fileEncoding = 4; lastKnownFileType = sourcecode.c.h; path = MTDropDownViewDetailCell.h; sourceTree = "<group>"; };
		CBC494E21CB9530C0067F178 /* MTDropDownViewDetailCell.m */ = {isa = PBXFileReference; fileEncoding = 4; lastKnownFileType = sourcecode.c.objc; path = MTDropDownViewDetailCell.m; sourceTree = "<group>"; };
		CBCFD6D71CA9662D009990C6 /* MTHD.app */ = {isa = PBXFileReference; explicitFileType = wrapper.application; includeInIndex = 0; path = MTHD.app; sourceTree = BUILT_PRODUCTS_DIR; };
		CBCFD6E61CA9662D009990C6 /* Assets.xcassets */ = {isa = PBXFileReference; lastKnownFileType = folder.assetcatalog; path = Assets.xcassets; sourceTree = "<group>"; };
		CBCFD6EB1CA9662D009990C6 /* Info.plist */ = {isa = PBXFileReference; lastKnownFileType = text.plist.xml; path = Info.plist; sourceTree = "<group>"; };
		CBCFD6F01CA9662D009990C6 /* MTHD.xctest */ = {isa = PBXFileReference; explicitFileType = wrapper.cfbundle; includeInIndex = 0; path = MTHD.xctest; sourceTree = BUILT_PRODUCTS_DIR; };
		CBCFD6F41CA9662D009990C6 /* MeiTuanHDTests.m */ = {isa = PBXFileReference; lastKnownFileType = sourcecode.c.objc; path = MeiTuanHDTests.m; sourceTree = "<group>"; };
		CBCFD6F61CA9662D009990C6 /* Info.plist */ = {isa = PBXFileReference; lastKnownFileType = text.plist.xml; path = Info.plist; sourceTree = "<group>"; };
		CBCFD6FB1CA9662D009990C6 /* MTHD.xctest */ = {isa = PBXFileReference; explicitFileType = wrapper.cfbundle; includeInIndex = 0; path = MTHD.xctest; sourceTree = BUILT_PRODUCTS_DIR; };
		CBCFD6FF1CA9662D009990C6 /* MeiTuanHDUITests.m */ = {isa = PBXFileReference; lastKnownFileType = sourcecode.c.objc; path = MeiTuanHDUITests.m; sourceTree = "<group>"; };
		CBCFD7011CA9662D009990C6 /* Info.plist */ = {isa = PBXFileReference; lastKnownFileType = text.plist.xml; path = Info.plist; sourceTree = "<group>"; };
		CBEF6F9B1CC4D0EC001A4D9A /* README.md */ = {isa = PBXFileReference; fileEncoding = 4; lastKnownFileType = net.daringfireball.markdown; path = README.md; sourceTree = "<group>"; };
		CBF0DA941CAC41EE00362004 /* MTCityGroup.h */ = {isa = PBXFileReference; fileEncoding = 4; lastKnownFileType = sourcecode.c.h; path = MTCityGroup.h; sourceTree = "<group>"; };
		CBF0DA951CAC41EE00362004 /* MTCityGroup.m */ = {isa = PBXFileReference; fileEncoding = 4; lastKnownFileType = sourcecode.c.objc; path = MTCityGroup.m; sourceTree = "<group>"; };
		CBF0DA971CAC42EF00362004 /* MTCity.h */ = {isa = PBXFileReference; fileEncoding = 4; lastKnownFileType = sourcecode.c.h; path = MTCity.h; sourceTree = "<group>"; };
		CBF0DA981CAC42EF00362004 /* MTCity.m */ = {isa = PBXFileReference; fileEncoding = 4; lastKnownFileType = sourcecode.c.objc; path = MTCity.m; sourceTree = "<group>"; };
		F0A03CCE52D427BF89F2EFE4 /* Pods.release.xcconfig */ = {isa = PBXFileReference; includeInIndex = 1; lastKnownFileType = text.xcconfig; name = Pods.release.xcconfig; path = "Pods/Target Support Files/Pods/Pods.release.xcconfig"; sourceTree = "<group>"; };
/* End PBXFileReference section */

/* Begin PBXFrameworksBuildPhase section */
		CBCFD6D41CA9662D009990C6 /* Frameworks */ = {
			isa = PBXFrameworksBuildPhase;
			buildActionMask = 2147483647;
			files = (
				CB316E431CC7D25700786947 /* libsqlite3.0.tbd in Frameworks */,
				4242C72945224168897AB2EE /* libPods.a in Frameworks */,
			);
			runOnlyForDeploymentPostprocessing = 0;
		};
		CBCFD6ED1CA9662D009990C6 /* Frameworks */ = {
			isa = PBXFrameworksBuildPhase;
			buildActionMask = 2147483647;
			files = (
			);
			runOnlyForDeploymentPostprocessing = 0;
		};
		CBCFD6F81CA9662D009990C6 /* Frameworks */ = {
			isa = PBXFrameworksBuildPhase;
			buildActionMask = 2147483647;
			files = (
			);
			runOnlyForDeploymentPostprocessing = 0;
		};
/* End PBXFrameworksBuildPhase section */

/* Begin PBXGroup section */
		512DAE178777E9E3612B7A18 /* Pods */ = {
			isa = PBXGroup;
			children = (
				2D134C37F6911C1D8BE6727B /* Pods.debug.xcconfig */,
				F0A03CCE52D427BF89F2EFE4 /* Pods.release.xcconfig */,
			);
			name = Pods;
			sourceTree = "<group>";
		};
		B4315B545E4E4B68E240730C /* Frameworks */ = {
			isa = PBXGroup;
			children = (
				CB316E421CC7D25700786947 /* libsqlite3.0.tbd */,
				412D1E9302BD278A2BDD8943 /* libPods.a */,
			);
			name = Frameworks;
			sourceTree = "<group>";
		};
		CB0E421F1CBA3D4200F5B86C /* Tool */ = {
			isa = PBXGroup;
			children = (
				CB0E42201CBA3D5C00F5B86C /* MTMetaTool.h */,
				CB0E42211CBA3D5C00F5B86C /* MTMetaTool.m */,
				CB316E441CC7D31B00786947 /* MTCollectDealTool.h */,
				CB316E451CC7D31B00786947 /* MTCollectDealTool.m */,
			);
			path = Tool;
			sourceTree = "<group>";
		};
		CB316E381CC6759B00786947 /* Detail(详情) */ = {
			isa = PBXGroup;
			children = (
				CB316E391CC6759B00786947 /* Controller */,
			);
			path = "Detail(详情)";
			sourceTree = "<group>";
		};
		CB316E391CC6759B00786947 /* Controller */ = {
			isa = PBXGroup;
			children = (
				CB316E3A1CC6759B00786947 /* MTDetailDealViewController.h */,
				CB316E3B1CC6759B00786947 /* MTDetailDealViewController.m */,
				CB316E3C1CC6759B00786947 /* MTDetailDealViewController.xib */,
			);
			path = Controller;
			sourceTree = "<group>";
		};
		CB40ACDF1CBD586F000D23B5 /* MBProgressHUD */ = {
			isa = PBXGroup;
			children = (
				CB40ACE01CBD586F000D23B5 /* MBProgressHUD+MJ.h */,
				CB40ACE11CBD586F000D23B5 /* MBProgressHUD+MJ.m */,
				CB40ACE21CBD586F000D23B5 /* MBProgressHUD.bundle */,
				CB40ACE31CBD586F000D23B5 /* MBProgressHUD.h */,
				CB40ACE41CBD586F000D23B5 /* MBProgressHUD.m */,
			);
			path = MBProgressHUD;
			sourceTree = "<group>";
		};
		CB40ACE81CBD5C7F000D23B5 /* Search(搜索) */ = {
			isa = PBXGroup;
			children = (
				CB40ACE91CBD5C7F000D23B5 /* Controller */,
			);
			path = "Search(搜索)";
			sourceTree = "<group>";
		};
		CB40ACE91CBD5C7F000D23B5 /* Controller */ = {
			isa = PBXGroup;
			children = (
				CB40ACEA1CBD5CB8000D23B5 /* MTSearchCollectionViewController.h */,
				CB40ACEB1CBD5CB8000D23B5 /* MTSearchCollectionViewController.m */,
			);
			path = Controller;
			sourceTree = "<group>";
		};
		CB8090A31CA9723500B2460B /* Plist */ = {
			isa = PBXGroup;
			children = (
				CB8090A41CA9723500B2460B /* categories.plist */,
				CB8090A51CA9723500B2460B /* cities.plist */,
				CB8090A61CA9723500B2460B /* cityGroups.plist */,
				CB8090A71CA9723500B2460B /* sorts.plist */,
			);
			path = Plist;
			sourceTree = "<group>";
		};
		CB8091421CA974B300B2460B /* Classes */ = {
			isa = PBXGroup;
			children = (
				CB316E381CC6759B00786947 /* Detail(详情) */,
				CB97F3F91CBE85E3009925B1 /* RecentSee(最近浏览) */,
				CB97F3F71CBE85D4009925B1 /* Collect(收藏) */,
				CB40ACE81CBD5C7F000D23B5 /* Search(搜索) */,
				CB8091431CA974B300B2460B /* Home(首页) */,
				CB8091491CA974B300B2460B /* Main(主要) */,
			);
			path = Classes;
			sourceTree = "<group>";
		};
		CB8091431CA974B300B2460B /* Home(首页) */ = {
			isa = PBXGroup;
			children = (
				CB8091441CA974B300B2460B /* Controller */,
				CB0E421F1CBA3D4200F5B86C /* Tool */,
				CB8091471CA974B300B2460B /* Model */,
				CB8091481CA974B300B2460B /* View */,
			);
			path = "Home(首页)";
			sourceTree = "<group>";
		};
		CB8091441CA974B300B2460B /* Controller */ = {
			isa = PBXGroup;
			children = (
				CB8091451CA974B300B2460B /* MTHomeController.h */,
				CB8091461CA974B300B2460B /* MTHomeController.m */,
				CB80916C1CA9B4FD00B2460B /* MTCatogeryViewController.h */,
				CB80916D1CA9B4FD00B2460B /* MTCatogeryViewController.m */,
				CB91FD131CABC4AC00B9E74C /* MTRegionViewController.h */,
				CB91FD141CABC4AC00B9E74C /* MTRegionViewController.m */,
				CB91FD1D1CABCE5800B9E74C /* MTRegionViewController.xib */,
				CB91FD1F1CABE4D500B9E74C /* MTChangeCityViewController.h */,
				CB91FD201CABE4D500B9E74C /* MTChangeCityViewController.m */,
				CB91FD211CABE4D500B9E74C /* MTChangeCityViewController.xib */,
				CB0E42231CBA6FCE00F5B86C /* MTSearchResultTVC.h */,
				CB0E42241CBA6FCE00F5B86C /* MTSearchResultTVC.m */,
				CBAC4EED1CBABE3700BDCA1B /* MTSortViewController.h */,
				CBAC4EEE1CBABE3700BDCA1B /* MTSortViewController.m */,
			);
			path = Controller;
			sourceTree = "<group>";
		};
		CB8091471CA974B300B2460B /* Model */ = {
			isa = PBXGroup;
			children = (
				CB91FD101CABA40700B9E74C /* MTCategory.h */,
				CB91FD111CABA40700B9E74C /* MTCategory.m */,
				CBF0DA941CAC41EE00362004 /* MTCityGroup.h */,
				CBF0DA951CAC41EE00362004 /* MTCityGroup.m */,
				CBF0DA971CAC42EF00362004 /* MTCity.h */,
				CBF0DA981CAC42EF00362004 /* MTCity.m */,
				CB72974E1CBA276F000CECCA /* MTRegion.h */,
				CB72974F1CBA276F000CECCA /* MTRegion.m */,
				CBAC4EEA1CBABD4400BDCA1B /* MTSort.h */,
				CBAC4EEB1CBABD4400BDCA1B /* MTSort.m */,
				CB97CF361CBCC4E2005AF893 /* MTDeal.h */,
				CB97CF371CBCC4E2005AF893 /* MTDeal.m */,
				CB316E3F1CC721A800786947 /* MTRestriction.h */,
				CB316E401CC721A800786947 /* MTRestriction.m */,
			);
			path = Model;
			sourceTree = "<group>";
		};
		CB8091481CA974B300B2460B /* View */ = {
			isa = PBXGroup;
			children = (
				CB8091621CA98A1600B2460B /* MTHomeTopItem.xib */,
				CB8091641CA98EF500B2460B /* MTHomeTopItem.h */,
				CB8091651CA98EF500B2460B /* MTHomeTopItem.m */,
				CB8091671CA9B25200B2460B /* MTDropDownView.h */,
				CB8091681CA9B25200B2460B /* MTDropDownView.m */,
				CB80916A1CA9B26600B2460B /* MTDropDownView.xib */,
				CBC494DE1CB951BF0067F178 /* MTDropDownViewMasterCell.h */,
				CBC494DF1CB951BF0067F178 /* MTDropDownViewMasterCell.m */,
				CBC494E11CB9530C0067F178 /* MTDropDownViewDetailCell.h */,
				CBC494E21CB9530C0067F178 /* MTDropDownViewDetailCell.m */,
				CB97CF311CBCC280005AF893 /* MTDealCollectionViewCell.h */,
				CB97CF321CBCC280005AF893 /* MTDealCollectionViewCell.m */,
				CB97CF331CBCC280005AF893 /* MTDealCollectionViewCell.xib */,
				CB97CF391CBCE769005AF893 /* MTCenterLineLabel.h */,
				CB97CF3A1CBCE769005AF893 /* MTCenterLineLabel.m */,
			);
			path = View;
			sourceTree = "<group>";
		};
		CB8091491CA974B300B2460B /* Main(主要) */ = {
			isa = PBXGroup;
			children = (
				CB97CEF21CBB7343005AF893 /* Lib */,
				CB8091571CA9801100B2460B /* Category */,
				CB80914A1CA974B300B2460B /* Controller */,
				CB80914D1CA974B300B2460B /* Model */,
				CB80914E1CA974B300B2460B /* Other */,
				CB8091521CA974B300B2460B /* View */,
			);
			path = "Main(主要)";
			sourceTree = "<group>";
		};
		CB80914A1CA974B300B2460B /* Controller */ = {
			isa = PBXGroup;
			children = (
				CB80914B1CA974B300B2460B /* MTNavigationController.h */,
				CB80914C1CA974B300B2460B /* MTNavigationController.m */,
				CB40ACED1CBD5D13000D23B5 /* MTDealCollectionViewController.h */,
				CB40ACEE1CBD5D13000D23B5 /* MTDealCollectionViewController.m */,
				CB316E4A1CC7F6A200786947 /* MTBaseDealCollectionViewController.h */,
				CB316E4B1CC7F6A200786947 /* MTBaseDealCollectionViewController.m */,
			);
			path = Controller;
			sourceTree = "<group>";
		};
		CB80914D1CA974B300B2460B /* Model */ = {
			isa = PBXGroup;
			children = (
			);
			path = Model;
			sourceTree = "<group>";
		};
		CB80914E1CA974B300B2460B /* Other */ = {
			isa = PBXGroup;
			children = (
				CB80914F1CA974B300B2460B /* AppDelegate.h */,
				CB8091501CA974B300B2460B /* AppDelegate.m */,
				CB8091511CA974B300B2460B /* main.m */,
				CB80915E1CA9830B00B2460B /* const.h */,
				CB80915F1CA9830B00B2460B /* const.m */,
				CB8091611CA9835600B2460B /* const.pch */,
			);
			path = Other;
			sourceTree = "<group>";
		};
		CB8091521CA974B300B2460B /* View */ = {
			isa = PBXGroup;
			children = (
			);
			path = View;
			sourceTree = "<group>";
		};
		CB8091571CA9801100B2460B /* Category */ = {
			isa = PBXGroup;
			children = (
				CB97CF2B1CBB8530005AF893 /* NSArray+Log.h */,
				CB97CF2C1CBB8530005AF893 /* NSArray+Log.m */,
				CB97CF2D1CBB8530005AF893 /* NSDictionary+Log.h */,
				CB97CF2E1CBB8530005AF893 /* NSDictionary+Log.m */,
				CB8091581CA9801100B2460B /* UIBarButtonItem+Extension.h */,
				CB8091591CA9801100B2460B /* UIBarButtonItem+Extension.m */,
				CB80915A1CA9801100B2460B /* UIView+Extension.h */,
				CB80915B1CA9801100B2460B /* UIView+Extension.m */,
			);
			path = Category;
			sourceTree = "<group>";
		};
		CB97CEF21CBB7343005AF893 /* Lib */ = {
			isa = PBXGroup;
			children = (
				CB97F3F01CBE4548009925B1 /* AwesomeMenu */,
				CB40ACDF1CBD586F000D23B5 /* MBProgressHUD */,
				CB97CF171CBB7B0F005AF893 /* json */,
				CB97CF0F1CBB7AED005AF893 /* dianpingapi */,
			);
			path = Lib;
			sourceTree = "<group>";
		};
		CB97CF0F1CBB7AED005AF893 /* dianpingapi */ = {
			isa = PBXGroup;
			children = (
				CB97CF101CBB7AED005AF893 /* DPAPI.h */,
				CB97CF111CBB7AED005AF893 /* DPAPI.m */,
				CB97CF121CBB7AED005AF893 /* DPConstants.h */,
				CB97CF131CBB7AED005AF893 /* DPRequest.h */,
				CB97CF141CBB7AED005AF893 /* DPRequest.m */,
			);
			path = dianpingapi;
			sourceTree = "<group>";
		};
		CB97CF171CBB7B0F005AF893 /* json */ = {
			isa = PBXGroup;
			children = (
				CB97CF181CBB7B0F005AF893 /* JSON.h */,
				CB97CF191CBB7B0F005AF893 /* NSObject+SBJSON.h */,
				CB97CF1A1CBB7B0F005AF893 /* NSObject+SBJSON.m */,
				CB97CF1B1CBB7B0F005AF893 /* NSString+SBJSON.h */,
				CB97CF1C1CBB7B0F005AF893 /* NSString+SBJSON.m */,
				CB97CF1D1CBB7B0F005AF893 /* SBJSON.h */,
				CB97CF1E1CBB7B0F005AF893 /* SBJSON.m */,
				CB97CF1F1CBB7B0F005AF893 /* SBJsonBase.h */,
				CB97CF201CBB7B0F005AF893 /* SBJsonBase.m */,
				CB97CF211CBB7B0F005AF893 /* SBJsonParser.h */,
				CB97CF221CBB7B0F005AF893 /* SBJsonParser.m */,
				CB97CF231CBB7B0F005AF893 /* SBJsonWriter.h */,
				CB97CF241CBB7B0F005AF893 /* SBJsonWriter.m */,
			);
			path = json;
			sourceTree = "<group>";
		};
		CB97F3F01CBE4548009925B1 /* AwesomeMenu */ = {
			isa = PBXGroup;
			children = (
				CB97F3F11CBE4548009925B1 /* AwesomeMenu.h */,
				CB97F3F21CBE4548009925B1 /* AwesomeMenu.m */,
				CB97F3F31CBE4548009925B1 /* AwesomeMenuItem.h */,
				CB97F3F41CBE4548009925B1 /* AwesomeMenuItem.m */,
			);
			path = AwesomeMenu;
			sourceTree = "<group>";
		};
		CB97F3F71CBE85D4009925B1 /* Collect(收藏) */ = {
			isa = PBXGroup;
			children = (
				CB97F3F81CBE85D4009925B1 /* Controller */,
			);
			path = "Collect(收藏)";
			sourceTree = "<group>";
		};
		CB97F3F81CBE85D4009925B1 /* Controller */ = {
			isa = PBXGroup;
			children = (
				CB316E471CC7E4C900786947 /* MTCollectViewController.h */,
				CB316E481CC7E4C900786947 /* MTCollectViewController.m */,
			);
			path = Controller;
			sourceTree = "<group>";
		};
		CB97F3F91CBE85E3009925B1 /* RecentSee(最近浏览) */ = {
			isa = PBXGroup;
			children = (
				CB97F3FA1CBE85F6009925B1 /* Controller */,
			);
			path = "RecentSee(最近浏览)";
			sourceTree = "<group>";
		};
		CB97F3FA1CBE85F6009925B1 /* Controller */ = {
			isa = PBXGroup;
			children = (
			);
			path = Controller;
			sourceTree = "<group>";
		};
		CBCFD6CE1CA9662D009990C6 = {
			isa = PBXGroup;
			children = (
				CBEF6F9B1CC4D0EC001A4D9A /* README.md */,
				CBCFD6D91CA9662D009990C6 /* MeiTuanHD */,
				CBCFD6F31CA9662D009990C6 /* MeiTuanHDTests */,
				CBCFD6FE1CA9662D009990C6 /* MeiTuanHDUITests */,
				CBCFD6D81CA9662D009990C6 /* Products */,
				512DAE178777E9E3612B7A18 /* Pods */,
				B4315B545E4E4B68E240730C /* Frameworks */,
			);
			sourceTree = "<group>";
		};
		CBCFD6D81CA9662D009990C6 /* Products */ = {
			isa = PBXGroup;
			children = (
				CBCFD6D71CA9662D009990C6 /* MTHD.app */,
				CBCFD6F01CA9662D009990C6 /* MTHD.xctest */,
				CBCFD6FB1CA9662D009990C6 /* MTHD.xctest */,
			);
			name = Products;
			sourceTree = "<group>";
		};
		CBCFD6D91CA9662D009990C6 /* MeiTuanHD */ = {
			isa = PBXGroup;
			children = (
				CB8091421CA974B300B2460B /* Classes */,
				CBCFD6E61CA9662D009990C6 /* Assets.xcassets */,
				CBCFD6DA1CA9662D009990C6 /* Supporting Files */,
			);
			path = MeiTuanHD;
			sourceTree = "<group>";
		};
		CBCFD6DA1CA9662D009990C6 /* Supporting Files */ = {
			isa = PBXGroup;
			children = (
				CB8090A31CA9723500B2460B /* Plist */,
				CBCFD6EB1CA9662D009990C6 /* Info.plist */,
			);
			name = "Supporting Files";
			sourceTree = "<group>";
		};
		CBCFD6F31CA9662D009990C6 /* MeiTuanHDTests */ = {
			isa = PBXGroup;
			children = (
				CBCFD6F41CA9662D009990C6 /* MeiTuanHDTests.m */,
				CBCFD6F61CA9662D009990C6 /* Info.plist */,
			);
			path = MeiTuanHDTests;
			sourceTree = "<group>";
		};
		CBCFD6FE1CA9662D009990C6 /* MeiTuanHDUITests */ = {
			isa = PBXGroup;
			children = (
				CBCFD6FF1CA9662D009990C6 /* MeiTuanHDUITests.m */,
				CBCFD7011CA9662D009990C6 /* Info.plist */,
			);
			path = MeiTuanHDUITests;
			sourceTree = "<group>";
		};
/* End PBXGroup section */

/* Begin PBXNativeTarget section */
		CBCFD6D61CA9662D009990C6 /* MTHD */ = {
			isa = PBXNativeTarget;
			buildConfigurationList = CBCFD7041CA9662D009990C6 /* Build configuration list for PBXNativeTarget "MTHD" */;
			buildPhases = (
				C3F22A3B78CA37389F641DBC /* Check Pods Manifest.lock */,
				CBCFD6D31CA9662D009990C6 /* Sources */,
				CBCFD6D51CA9662D009990C6 /* Resources */,
				CBCFD6D41CA9662D009990C6 /* Frameworks */,
				E660BD96D9CF44BFCA24FA07 /* Embed Pods Frameworks */,
				7E0C98C6EED2057F2E2A3B9B /* Copy Pods Resources */,
			);
			buildRules = (
			);
			dependencies = (
			);
			name = MTHD;
			productName = MeiTuanHD;
			productReference = CBCFD6D71CA9662D009990C6 /* MTHD.app */;
			productType = "com.apple.product-type.application";
		};
		CBCFD6EF1CA9662D009990C6 /* MTHDTests */ = {
			isa = PBXNativeTarget;
			buildConfigurationList = CBCFD7071CA9662D009990C6 /* Build configuration list for PBXNativeTarget "MTHDTests" */;
			buildPhases = (
				CBCFD6EC1CA9662D009990C6 /* Sources */,
				CBCFD6ED1CA9662D009990C6 /* Frameworks */,
				CBCFD6EE1CA9662D009990C6 /* Resources */,
			);
			buildRules = (
			);
			dependencies = (
				CBCFD6F21CA9662D009990C6 /* PBXTargetDependency */,
			);
			name = MTHDTests;
			productName = MeiTuanHDTests;
			productReference = CBCFD6F01CA9662D009990C6 /* MTHD.xctest */;
			productType = "com.apple.product-type.bundle.unit-test";
		};
		CBCFD6FA1CA9662D009990C6 /* MTHDUITests */ = {
			isa = PBXNativeTarget;
			buildConfigurationList = CBCFD70A1CA9662D009990C6 /* Build configuration list for PBXNativeTarget "MTHDUITests" */;
			buildPhases = (
				CBCFD6F71CA9662D009990C6 /* Sources */,
				CBCFD6F81CA9662D009990C6 /* Frameworks */,
				CBCFD6F91CA9662D009990C6 /* Resources */,
			);
			buildRules = (
			);
			dependencies = (
				CBCFD6FD1CA9662D009990C6 /* PBXTargetDependency */,
			);
			name = MTHDUITests;
			productName = MeiTuanHDUITests;
			productReference = CBCFD6FB1CA9662D009990C6 /* MTHD.xctest */;
			productType = "com.apple.product-type.bundle.ui-testing";
		};
/* End PBXNativeTarget section */

/* Begin PBXProject section */
		CBCFD6CF1CA9662D009990C6 /* Project object */ = {
			isa = PBXProject;
			attributes = {
				CLASSPREFIX = MT;
				LastUpgradeCheck = 0720;
				ORGANIZATIONNAME = JW;
				TargetAttributes = {
					CBCFD6D61CA9662D009990C6 = {
						CreatedOnToolsVersion = 7.2;
					};
					CBCFD6EF1CA9662D009990C6 = {
						CreatedOnToolsVersion = 7.2;
						TestTargetID = CBCFD6D61CA9662D009990C6;
					};
					CBCFD6FA1CA9662D009990C6 = {
						CreatedOnToolsVersion = 7.2;
						TestTargetID = CBCFD6D61CA9662D009990C6;
					};
				};
			};
			buildConfigurationList = CBCFD6D21CA9662D009990C6 /* Build configuration list for PBXProject "MTHD" */;
			compatibilityVersion = "Xcode 3.2";
			developmentRegion = English;
			hasScannedForEncodings = 0;
			knownRegions = (
				en,
				Base,
			);
			mainGroup = CBCFD6CE1CA9662D009990C6;
			productRefGroup = CBCFD6D81CA9662D009990C6 /* Products */;
			projectDirPath = "";
			projectRoot = "";
			targets = (
				CBCFD6D61CA9662D009990C6 /* MTHD */,
				CBCFD6EF1CA9662D009990C6 /* MTHDTests */,
				CBCFD6FA1CA9662D009990C6 /* MTHDUITests */,
			);
		};
/* End PBXProject section */

/* Begin PBXResourcesBuildPhase section */
		CBCFD6D51CA9662D009990C6 /* Resources */ = {
			isa = PBXResourcesBuildPhase;
			buildActionMask = 2147483647;
			files = (
				CB8090A91CA9723500B2460B /* cities.plist in Resources */,
				CB97CF351CBCC280005AF893 /* MTDealCollectionViewCell.xib in Resources */,
				CB8090A81CA9723500B2460B /* categories.plist in Resources */,
				CB316E3E1CC6759B00786947 /* MTDetailDealViewController.xib in Resources */,
				CB40ACE61CBD586F000D23B5 /* MBProgressHUD.bundle in Resources */,
				CB91FD1E1CABCE5800B9E74C /* MTRegionViewController.xib in Resources */,
				CB91FD231CABE4D500B9E74C /* MTChangeCityViewController.xib in Resources */,
				CB8091631CA98A1600B2460B /* MTHomeTopItem.xib in Resources */,
				CB8090AB1CA9723500B2460B /* sorts.plist in Resources */,
				CB80916B1CA9B26600B2460B /* MTDropDownView.xib in Resources */,
				CBCFD6E71CA9662D009990C6 /* Assets.xcassets in Resources */,
				CB8090AA1CA9723500B2460B /* cityGroups.plist in Resources */,
			);
			runOnlyForDeploymentPostprocessing = 0;
		};
		CBCFD6EE1CA9662D009990C6 /* Resources */ = {
			isa = PBXResourcesBuildPhase;
			buildActionMask = 2147483647;
			files = (
			);
			runOnlyForDeploymentPostprocessing = 0;
		};
		CBCFD6F91CA9662D009990C6 /* Resources */ = {
			isa = PBXResourcesBuildPhase;
			buildActionMask = 2147483647;
			files = (
			);
			runOnlyForDeploymentPostprocessing = 0;
		};
/* End PBXResourcesBuildPhase section */

/* Begin PBXShellScriptBuildPhase section */
		7E0C98C6EED2057F2E2A3B9B /* Copy Pods Resources */ = {
			isa = PBXShellScriptBuildPhase;
			buildActionMask = 2147483647;
			files = (
			);
			inputPaths = (
			);
			name = "Copy Pods Resources";
			outputPaths = (
			);
			runOnlyForDeploymentPostprocessing = 0;
			shellPath = /bin/sh;
			shellScript = "\"${SRCROOT}/Pods/Target Support Files/Pods/Pods-resources.sh\"\n";
			showEnvVarsInLog = 0;
		};
		C3F22A3B78CA37389F641DBC /* Check Pods Manifest.lock */ = {
			isa = PBXShellScriptBuildPhase;
			buildActionMask = 2147483647;
			files = (
			);
			inputPaths = (
			);
			name = "Check Pods Manifest.lock";
			outputPaths = (
			);
			runOnlyForDeploymentPostprocessing = 0;
			shellPath = /bin/sh;
			shellScript = "diff \"${PODS_ROOT}/../Podfile.lock\" \"${PODS_ROOT}/Manifest.lock\" > /dev/null\nif [[ $? != 0 ]] ; then\n    cat << EOM\nerror: The sandbox is not in sync with the Podfile.lock. Run 'pod install' or update your CocoaPods installation.\nEOM\n    exit 1\nfi\n";
			showEnvVarsInLog = 0;
		};
		E660BD96D9CF44BFCA24FA07 /* Embed Pods Frameworks */ = {
			isa = PBXShellScriptBuildPhase;
			buildActionMask = 2147483647;
			files = (
			);
			inputPaths = (
			);
			name = "Embed Pods Frameworks";
			outputPaths = (
			);
			runOnlyForDeploymentPostprocessing = 0;
			shellPath = /bin/sh;
			shellScript = "\"${SRCROOT}/Pods/Target Support Files/Pods/Pods-frameworks.sh\"\n";
			showEnvVarsInLog = 0;
		};
/* End PBXShellScriptBuildPhase section */

/* Begin PBXSourcesBuildPhase section */
		CBCFD6D31CA9662D009990C6 /* Sources */ = {
			isa = PBXSourcesBuildPhase;
			buildActionMask = 2147483647;
			files = (
				CB40ACE51CBD586F000D23B5 /* MBProgressHUD+MJ.m in Sources */,
				CB97CF271CBB7B0F005AF893 /* SBJSON.m in Sources */,
				CB97CF2A1CBB7B0F005AF893 /* SBJsonWriter.m in Sources */,
				CB80915D1CA9801100B2460B /* UIView+Extension.m in Sources */,
				CB8091691CA9B25200B2460B /* MTDropDownView.m in Sources */,
				CBF0DA961CAC41EE00362004 /* MTCityGroup.m in Sources */,
				CB91FD151CABC4AC00B9E74C /* MTRegionViewController.m in Sources */,
				CB97CF3B1CBCE769005AF893 /* MTCenterLineLabel.m in Sources */,
				CB316E491CC7E4C900786947 /* MTCollectViewController.m in Sources */,
				CB80916E1CA9B4FD00B2460B /* MTCatogeryViewController.m in Sources */,
				CB0E42221CBA3D5C00F5B86C /* MTMetaTool.m in Sources */,
				CB8091541CA974B300B2460B /* MTNavigationController.m in Sources */,
				CB40ACEC1CBD5CB8000D23B5 /* MTSearchCollectionViewController.m in Sources */,
				CB8091531CA974B300B2460B /* MTHomeController.m in Sources */,
				CB0E42251CBA6FCE00F5B86C /* MTSearchResultTVC.m in Sources */,
				CB97CF151CBB7AED005AF893 /* DPAPI.m in Sources */,
				CB97CF381CBCC4E2005AF893 /* MTDeal.m in Sources */,
				CB97CF261CBB7B0F005AF893 /* NSString+SBJSON.m in Sources */,
				CB97CF251CBB7B0F005AF893 /* NSObject+SBJSON.m in Sources */,
				CBAC4EEC1CBABD4400BDCA1B /* MTSort.m in Sources */,
				CBC494E31CB9530C0067F178 /* MTDropDownViewDetailCell.m in Sources */,
				CB97CF341CBCC280005AF893 /* MTDealCollectionViewCell.m in Sources */,
				CB316E461CC7D31B00786947 /* MTCollectDealTool.m in Sources */,
				CB8091561CA974B300B2460B /* main.m in Sources */,
				CB97F3F51CBE4548009925B1 /* AwesomeMenu.m in Sources */,
				CB316E4C1CC7F6A200786947 /* MTBaseDealCollectionViewController.m in Sources */,
				CBEF6F9C1CC4D0EC001A4D9A /* README.md in Sources */,
				CB97CF301CBB8530005AF893 /* NSDictionary+Log.m in Sources */,
				CB40ACE71CBD586F000D23B5 /* MBProgressHUD.m in Sources */,
				CB8091551CA974B300B2460B /* AppDelegate.m in Sources */,
				CB97CF281CBB7B0F005AF893 /* SBJsonBase.m in Sources */,
				CB91FD221CABE4D500B9E74C /* MTChangeCityViewController.m in Sources */,
				CB80915C1CA9801100B2460B /* UIBarButtonItem+Extension.m in Sources */,
				CB8091661CA98EF500B2460B /* MTHomeTopItem.m in Sources */,
				CBF0DA991CAC42EF00362004 /* MTCity.m in Sources */,
				CB97CF291CBB7B0F005AF893 /* SBJsonParser.m in Sources */,
				CB40ACEF1CBD5D13000D23B5 /* MTDealCollectionViewController.m in Sources */,
				CB8091601CA9830B00B2460B /* const.m in Sources */,
				CB97CF161CBB7AED005AF893 /* DPRequest.m in Sources */,
				CB316E3D1CC6759B00786947 /* MTDetailDealViewController.m in Sources */,
				CB316E411CC721A800786947 /* MTRestriction.m in Sources */,
				CB7297501CBA276F000CECCA /* MTRegion.m in Sources */,
				CB97F3F61CBE4548009925B1 /* AwesomeMenuItem.m in Sources */,
				CBC494E01CB951BF0067F178 /* MTDropDownViewMasterCell.m in Sources */,
				CB91FD121CABA40700B9E74C /* MTCategory.m in Sources */,
				CB97CF2F1CBB8530005AF893 /* NSArray+Log.m in Sources */,
				CBAC4EEF1CBABE3700BDCA1B /* MTSortViewController.m in Sources */,
			);
			runOnlyForDeploymentPostprocessing = 0;
		};
		CBCFD6EC1CA9662D009990C6 /* Sources */ = {
			isa = PBXSourcesBuildPhase;
			buildActionMask = 2147483647;
			files = (
				CBCFD6F51CA9662D009990C6 /* MeiTuanHDTests.m in Sources */,
			);
			runOnlyForDeploymentPostprocessing = 0;
		};
		CBCFD6F71CA9662D009990C6 /* Sources */ = {
			isa = PBXSourcesBuildPhase;
			buildActionMask = 2147483647;
			files = (
				CBCFD7001CA9662D009990C6 /* MeiTuanHDUITests.m in Sources */,
			);
			runOnlyForDeploymentPostprocessing = 0;
		};
/* End PBXSourcesBuildPhase section */

/* Begin PBXTargetDependency section */
		CBCFD6F21CA9662D009990C6 /* PBXTargetDependency */ = {
			isa = PBXTargetDependency;
			target = CBCFD6D61CA9662D009990C6 /* MTHD */;
			targetProxy = CBCFD6F11CA9662D009990C6 /* PBXContainerItemProxy */;
		};
		CBCFD6FD1CA9662D009990C6 /* PBXTargetDependency */ = {
			isa = PBXTargetDependency;
			target = CBCFD6D61CA9662D009990C6 /* MTHD */;
			targetProxy = CBCFD6FC1CA9662D009990C6 /* PBXContainerItemProxy */;
		};
/* End PBXTargetDependency section */

/* Begin XCBuildConfiguration section */
		CBCFD7021CA9662D009990C6 /* Debug */ = {
			isa = XCBuildConfiguration;
			buildSettings = {
				ALWAYS_SEARCH_USER_PATHS = NO;
				CLANG_CXX_LANGUAGE_STANDARD = "gnu++0x";
				CLANG_CXX_LIBRARY = "libc++";
				CLANG_ENABLE_MODULES = YES;
				CLANG_ENABLE_OBJC_ARC = YES;
				CLANG_WARN_BOOL_CONVERSION = YES;
				CLANG_WARN_CONSTANT_CONVERSION = YES;
				CLANG_WARN_DIRECT_OBJC_ISA_USAGE = YES_ERROR;
				CLANG_WARN_EMPTY_BODY = YES;
				CLANG_WARN_ENUM_CONVERSION = YES;
				CLANG_WARN_INT_CONVERSION = YES;
				CLANG_WARN_OBJC_ROOT_CLASS = YES_ERROR;
				CLANG_WARN_UNREACHABLE_CODE = YES;
				CLANG_WARN__DUPLICATE_METHOD_MATCH = YES;
				"CODE_SIGN_IDENTITY[sdk=iphoneos*]" = "iPhone Developer";
				COPY_PHASE_STRIP = NO;
				DEBUG_INFORMATION_FORMAT = dwarf;
				ENABLE_STRICT_OBJC_MSGSEND = YES;
				ENABLE_TESTABILITY = YES;
				GCC_C_LANGUAGE_STANDARD = gnu99;
				GCC_DYNAMIC_NO_PIC = NO;
				GCC_NO_COMMON_BLOCKS = YES;
				GCC_OPTIMIZATION_LEVEL = 0;
				GCC_PREPROCESSOR_DEFINITIONS = (
					"DEBUG=1",
					"$(inherited)",
				);
				GCC_WARN_64_TO_32_BIT_CONVERSION = YES;
				GCC_WARN_ABOUT_RETURN_TYPE = YES_ERROR;
				GCC_WARN_UNDECLARED_SELECTOR = YES;
				GCC_WARN_UNINITIALIZED_AUTOS = YES_AGGRESSIVE;
				GCC_WARN_UNUSED_FUNCTION = YES;
				GCC_WARN_UNUSED_VARIABLE = YES;
				IPHONEOS_DEPLOYMENT_TARGET = 9.2;
				MTL_ENABLE_DEBUG_INFO = YES;
				ONLY_ACTIVE_ARCH = YES;
				SDKROOT = iphoneos;
				TARGETED_DEVICE_FAMILY = 2;
			};
			name = Debug;
		};
		CBCFD7031CA9662D009990C6 /* Release */ = {
			isa = XCBuildConfiguration;
			buildSettings = {
				ALWAYS_SEARCH_USER_PATHS = NO;
				CLANG_CXX_LANGUAGE_STANDARD = "gnu++0x";
				CLANG_CXX_LIBRARY = "libc++";
				CLANG_ENABLE_MODULES = YES;
				CLANG_ENABLE_OBJC_ARC = YES;
				CLANG_WARN_BOOL_CONVERSION = YES;
				CLANG_WARN_CONSTANT_CONVERSION = YES;
				CLANG_WARN_DIRECT_OBJC_ISA_USAGE = YES_ERROR;
				CLANG_WARN_EMPTY_BODY = YES;
				CLANG_WARN_ENUM_CONVERSION = YES;
				CLANG_WARN_INT_CONVERSION = YES;
				CLANG_WARN_OBJC_ROOT_CLASS = YES_ERROR;
				CLANG_WARN_UNREACHABLE_CODE = YES;
				CLANG_WARN__DUPLICATE_METHOD_MATCH = YES;
				"CODE_SIGN_IDENTITY[sdk=iphoneos*]" = "iPhone Developer";
				COPY_PHASE_STRIP = NO;
				DEBUG_INFORMATION_FORMAT = "dwarf-with-dsym";
				ENABLE_NS_ASSERTIONS = NO;
				ENABLE_STRICT_OBJC_MSGSEND = YES;
				GCC_C_LANGUAGE_STANDARD = gnu99;
				GCC_NO_COMMON_BLOCKS = YES;
				GCC_WARN_64_TO_32_BIT_CONVERSION = YES;
				GCC_WARN_ABOUT_RETURN_TYPE = YES_ERROR;
				GCC_WARN_UNDECLARED_SELECTOR = YES;
				GCC_WARN_UNINITIALIZED_AUTOS = YES_AGGRESSIVE;
				GCC_WARN_UNUSED_FUNCTION = YES;
				GCC_WARN_UNUSED_VARIABLE = YES;
				IPHONEOS_DEPLOYMENT_TARGET = 9.2;
				MTL_ENABLE_DEBUG_INFO = NO;
				SDKROOT = iphoneos;
				TARGETED_DEVICE_FAMILY = 2;
				VALIDATE_PRODUCT = YES;
			};
			name = Release;
		};
		CBCFD7051CA9662D009990C6 /* Debug */ = {
			isa = XCBuildConfiguration;
			baseConfigurationReference = 2D134C37F6911C1D8BE6727B /* Pods.debug.xcconfig */;
			buildSettings = {
				ASSETCATALOG_COMPILER_APPICON_NAME = AppIcon;
				ASSETCATALOG_COMPILER_LAUNCHIMAGE_NAME = LaunchImage;
				GCC_INCREASE_PRECOMPILED_HEADER_SHARING = NO;
				GCC_PRECOMPILE_PREFIX_HEADER = NO;
				GCC_PREFIX_HEADER = "MeiTuanHD/Classes/Main(主要)/Other/const.pch";
				INFOPLIST_FILE = MeiTuanHD/Info.plist;
				IPHONEOS_DEPLOYMENT_TARGET = 9.2;
				LD_RUNPATH_SEARCH_PATHS = "$(inherited) @executable_path/Frameworks";
				PRODUCT_BUNDLE_IDENTIFIER = com.JW.MeiTuanHD;
				PRODUCT_NAME = MTHD;
				TARGETED_DEVICE_FAMILY = 2;
			};
			name = Debug;
		};
		CBCFD7061CA9662D009990C6 /* Release */ = {
			isa = XCBuildConfiguration;
			baseConfigurationReference = F0A03CCE52D427BF89F2EFE4 /* Pods.release.xcconfig */;
			buildSettings = {
				ASSETCATALOG_COMPILER_APPICON_NAME = AppIcon;
				ASSETCATALOG_COMPILER_LAUNCHIMAGE_NAME = LaunchImage;
				GCC_INCREASE_PRECOMPILED_HEADER_SHARING = NO;
				GCC_PRECOMPILE_PREFIX_HEADER = NO;
				GCC_PREFIX_HEADER = "MeiTuanHD/Classes/Main(主要)/Other/const.pch";
				INFOPLIST_FILE = MeiTuanHD/Info.plist;
				IPHONEOS_DEPLOYMENT_TARGET = 9.2;
				LD_RUNPATH_SEARCH_PATHS = "$(inherited) @executable_path/Frameworks";
				PRODUCT_BUNDLE_IDENTIFIER = com.JW.MeiTuanHD;
				PRODUCT_NAME = MTHD;
				TARGETED_DEVICE_FAMILY = 2;
			};
			name = Release;
		};
		CBCFD7081CA9662D009990C6 /* Debug */ = {
			isa = XCBuildConfiguration;
			buildSettings = {
				BUNDLE_LOADER = "$(TEST_HOST)";
				INFOPLIST_FILE = MeiTuanHDTests/Info.plist;
				LD_RUNPATH_SEARCH_PATHS = "$(inherited) @executable_path/Frameworks @loader_path/Frameworks";
				PRODUCT_BUNDLE_IDENTIFIER = com.JW.MeiTuanHDTests;
				PRODUCT_NAME = MTHD;
				TEST_HOST = "$(BUILT_PRODUCTS_DIR)/MTHD.app/MTHD";
			};
			name = Debug;
		};
		CBCFD7091CA9662D009990C6 /* Release */ = {
			isa = XCBuildConfiguration;
			buildSettings = {
				BUNDLE_LOADER = "$(TEST_HOST)";
				INFOPLIST_FILE = MeiTuanHDTests/Info.plist;
				LD_RUNPATH_SEARCH_PATHS = "$(inherited) @executable_path/Frameworks @loader_path/Frameworks";
				PRODUCT_BUNDLE_IDENTIFIER = com.JW.MeiTuanHDTests;
				PRODUCT_NAME = MTHD;
				TEST_HOST = "$(BUILT_PRODUCTS_DIR)/MTHD.app/MTHD";
			};
			name = Release;
		};
		CBCFD70B1CA9662D009990C6 /* Debug */ = {
			isa = XCBuildConfiguration;
			buildSettings = {
				INFOPLIST_FILE = MeiTuanHDUITests/Info.plist;
				LD_RUNPATH_SEARCH_PATHS = "$(inherited) @executable_path/Frameworks @loader_path/Frameworks";
				PRODUCT_BUNDLE_IDENTIFIER = com.JW.MeiTuanHDUITests;
				PRODUCT_NAME = MTHD;
				TEST_TARGET_NAME = MeiTuanHD;
				USES_XCTRUNNER = YES;
			};
			name = Debug;
		};
		CBCFD70C1CA9662D009990C6 /* Release */ = {
			isa = XCBuildConfiguration;
			buildSettings = {
				INFOPLIST_FILE = MeiTuanHDUITests/Info.plist;
				LD_RUNPATH_SEARCH_PATHS = "$(inherited) @executable_path/Frameworks @loader_path/Frameworks";
				PRODUCT_BUNDLE_IDENTIFIER = com.JW.MeiTuanHDUITests;
				PRODUCT_NAME = MTHD;
				TEST_TARGET_NAME = MeiTuanHD;
				USES_XCTRUNNER = YES;
			};
			name = Release;
		};
/* End XCBuildConfiguration section */

/* Begin XCConfigurationList section */
		CBCFD6D21CA9662D009990C6 /* Build configuration list for PBXProject "MTHD" */ = {
			isa = XCConfigurationList;
			buildConfigurations = (
				CBCFD7021CA9662D009990C6 /* Debug */,
				CBCFD7031CA9662D009990C6 /* Release */,
			);
			defaultConfigurationIsVisible = 0;
			defaultConfigurationName = Release;
		};
		CBCFD7041CA9662D009990C6 /* Build configuration list for PBXNativeTarget "MTHD" */ = {
			isa = XCConfigurationList;
			buildConfigurations = (
				CBCFD7051CA9662D009990C6 /* Debug */,
				CBCFD7061CA9662D009990C6 /* Release */,
			);
			defaultConfigurationIsVisible = 0;
			defaultConfigurationName = Release;
		};
		CBCFD7071CA9662D009990C6 /* Build configuration list for PBXNativeTarget "MTHDTests" */ = {
			isa = XCConfigurationList;
			buildConfigurations = (
				CBCFD7081CA9662D009990C6 /* Debug */,
				CBCFD7091CA9662D009990C6 /* Release */,
			);
			defaultConfigurationIsVisible = 0;
			defaultConfigurationName = Release;
		};
		CBCFD70A1CA9662D009990C6 /* Build configuration list for PBXNativeTarget "MTHDUITests" */ = {
			isa = XCConfigurationList;
			buildConfigurations = (
				CBCFD70B1CA9662D009990C6 /* Debug */,
				CBCFD70C1CA9662D009990C6 /* Release */,
			);
			defaultConfigurationIsVisible = 0;
			defaultConfigurationName = Release;
		};
/* End XCConfigurationList section */
	};
	rootObject = CBCFD6CF1CA9662D009990C6 /* Project object */;
}
